// !$*UTF8*$!
{
	archiveVersion = 1;
	classes = {
	};
	objectVersion = 46;
	objects = {

/* Begin PBXBuildFile section */
		B89EB5151AC9E3FF00BDC399 /* main.m in Sources */ = {isa = PBXBuildFile; fileRef = B89EB5141AC9E3FF00BDC399 /* main.m */; };
		B89EB5181AC9E3FF00BDC399 /* AppDelegate.m in Sources */ = {isa = PBXBuildFile; fileRef = B89EB5171AC9E3FF00BDC399 /* AppDelegate.m */; };
		B89EB5211AC9E3FF00BDC399 /* Main.storyboard in Resources */ = {isa = PBXBuildFile; fileRef = B89EB51F1AC9E3FF00BDC399 /* Main.storyboard */; };
		B89EB5231AC9E3FF00BDC399 /* Images.xcassets in Resources */ = {isa = PBXBuildFile; fileRef = B89EB5221AC9E3FF00BDC399 /* Images.xcassets */; };
		B89EB5261AC9E3FF00BDC399 /* LaunchScreen.xib in Resources */ = {isa = PBXBuildFile; fileRef = B89EB5241AC9E3FF00BDC399 /* LaunchScreen.xib */; };
		B89EB5321AC9E3FF00BDC399 /* MyBrewLogAlphaTests.m in Sources */ = {isa = PBXBuildFile; fileRef = B89EB5311AC9E3FF00BDC399 /* MyBrewLogAlphaTests.m */; };
		B89EB5581AC9E54900BDC399 /* .travis.yml in Resources */ = {isa = PBXBuildFile; fileRef = B89EB53C1AC9E54900BDC399 /* .travis.yml */; };
		B89EB5591AC9E54900BDC399 /* ActionSheetPicker-3.0.podspec in Resources */ = {isa = PBXBuildFile; fileRef = B89EB53D1AC9E54900BDC399 /* ActionSheetPicker-3.0.podspec */; };
		B89EB55A1AC9E54900BDC399 /* AUTHORS.md in Resources */ = {isa = PBXBuildFile; fileRef = B89EB53E1AC9E54900BDC399 /* AUTHORS.md */; };
		B89EB55B1AC9E54900BDC399 /* CHANGELOG.md in Resources */ = {isa = PBXBuildFile; fileRef = B89EB53F1AC9E54900BDC399 /* CHANGELOG.md */; };
		B89EB55C1AC9E54900BDC399 /* CONTRIBUTING.md in Resources */ = {isa = PBXBuildFile; fileRef = B89EB5401AC9E54900BDC399 /* CONTRIBUTING.md */; };
		B89EB55D1AC9E54900BDC399 /* LICENSE in Resources */ = {isa = PBXBuildFile; fileRef = B89EB5411AC9E54900BDC399 /* LICENSE */; };
		B89EB55F1AC9E54900BDC399 /* AbstractActionSheetPicker.m in Sources */ = {isa = PBXBuildFile; fileRef = B89EB5461AC9E54900BDC399 /* AbstractActionSheetPicker.m */; };
		B89EB5601AC9E54900BDC399 /* ActionSheetCustomPicker.m in Sources */ = {isa = PBXBuildFile; fileRef = B89EB5481AC9E54900BDC399 /* ActionSheetCustomPicker.m */; };
		B89EB5611AC9E54900BDC399 /* ActionSheetDatePicker.m in Sources */ = {isa = PBXBuildFile; fileRef = B89EB54B1AC9E54900BDC399 /* ActionSheetDatePicker.m */; };
		B89EB5621AC9E54900BDC399 /* ActionSheetDistancePicker.m in Sources */ = {isa = PBXBuildFile; fileRef = B89EB54D1AC9E54900BDC399 /* ActionSheetDistancePicker.m */; };
		B89EB5631AC9E54900BDC399 /* ActionSheetLocalePicker.m in Sources */ = {isa = PBXBuildFile; fileRef = B89EB54F1AC9E54900BDC399 /* ActionSheetLocalePicker.m */; };
		B89EB5641AC9E54900BDC399 /* ActionSheetStringPicker.m in Sources */ = {isa = PBXBuildFile; fileRef = B89EB5521AC9E54900BDC399 /* ActionSheetStringPicker.m */; };
		B89EB5651AC9E54900BDC399 /* DistancePickerView.m in Sources */ = {isa = PBXBuildFile; fileRef = B89EB5541AC9E54900BDC399 /* DistancePickerView.m */; };
		B89EB5661AC9E54900BDC399 /* SWActionSheet.m in Sources */ = {isa = PBXBuildFile; fileRef = B89EB5561AC9E54900BDC399 /* SWActionSheet.m */; };
		B89EB5671AC9E54900BDC399 /* README.md in Resources */ = {isa = PBXBuildFile; fileRef = B89EB5571AC9E54900BDC399 /* README.md */; };
		B89EB5891AC9E59300BDC399 /* Bolts.framework in Frameworks */ = {isa = PBXBuildFile; fileRef = B89EB5701AC9E59300BDC399 /* Bolts.framework */; };
		B89EB58A1AC9E59300BDC399 /* Parse.framework in Frameworks */ = {isa = PBXBuildFile; fileRef = B89EB5711AC9E59300BDC399 /* Parse.framework */; };
		B89EB58B1AC9E59300BDC399 /* ParseCrashReporting.framework in Frameworks */ = {isa = PBXBuildFile; fileRef = B89EB5721AC9E59300BDC399 /* ParseCrashReporting.framework */; };
		B89EB58C1AC9E59300BDC399 /* ParseFacebookUtils.framework in Frameworks */ = {isa = PBXBuildFile; fileRef = B89EB5731AC9E59300BDC399 /* ParseFacebookUtils.framework */; };
		B89EB58D1AC9E59300BDC399 /* ParseUI.framework in Frameworks */ = {isa = PBXBuildFile; fileRef = B89EB5741AC9E59300BDC399 /* ParseUI.framework */; };
		B89EB58E1AC9E59300BDC399 /* barrels.jpg in Resources */ = {isa = PBXBuildFile; fileRef = B89EB5761AC9E59300BDC399 /* barrels.jpg */; };
		B89EB58F1AC9E59300BDC399 /* beer-bottle.png in Resources */ = {isa = PBXBuildFile; fileRef = B89EB5771AC9E59300BDC399 /* beer-bottle.png */; };
		B89EB5901AC9E59300BDC399 /* browse-tab.png in Resources */ = {isa = PBXBuildFile; fileRef = B89EB5781AC9E59300BDC399 /* browse-tab.png */; };
		B89EB5911AC9E59300BDC399 /* browse-tab@2x.png in Resources */ = {isa = PBXBuildFile; fileRef = B89EB5791AC9E59300BDC399 /* browse-tab@2x.png */; };
		B89EB5921AC9E59300BDC399 /* glasses.jpg in Resources */ = {isa = PBXBuildFile; fileRef = B89EB57A1AC9E59300BDC399 /* glasses.jpg */; };
		B89EB5931AC9E59300BDC399 /* Icon-76.png in Resources */ = {isa = PBXBuildFile; fileRef = B89EB57B1AC9E59300BDC399 /* Icon-76.png */; };
		B89EB5941AC9E59300BDC399 /* Icon-76@2x.png in Resources */ = {isa = PBXBuildFile; fileRef = B89EB57C1AC9E59300BDC399 /* Icon-76@2x.png */; };
		B89EB5951AC9E59300BDC399 /* icon.png in Resources */ = {isa = PBXBuildFile; fileRef = B89EB57D1AC9E59300BDC399 /* icon.png */; };
		B89EB5961AC9E59300BDC399 /* Icon@2x.png in Resources */ = {isa = PBXBuildFile; fileRef = B89EB57E1AC9E59300BDC399 /* Icon@2x.png */; };
		B89EB5971AC9E59300BDC399 /* my-logo.png in Resources */ = {isa = PBXBuildFile; fileRef = B89EB57F1AC9E59300BDC399 /* my-logo.png */; };
		B89EB5981AC9E59300BDC399 /* my-recipes-tab.png in Resources */ = {isa = PBXBuildFile; fileRef = B89EB5801AC9E59300BDC399 /* my-recipes-tab.png */; };
		B89EB5991AC9E59300BDC399 /* my-recipes-tab@2x.png in Resources */ = {isa = PBXBuildFile; fileRef = B89EB5811AC9E59300BDC399 /* my-recipes-tab@2x.png */; };
		B89EB59A1AC9E59300BDC399 /* other-icon.png in Resources */ = {isa = PBXBuildFile; fileRef = B89EB5821AC9E59300BDC399 /* other-icon.png */; };
		B89EB59B1AC9E59300BDC399 /* settings-tab.png in Resources */ = {isa = PBXBuildFile; fileRef = B89EB5831AC9E59300BDC399 /* settings-tab.png */; };
		B89EB59C1AC9E59300BDC399 /* settings-tab@2x.png in Resources */ = {isa = PBXBuildFile; fileRef = B89EB5841AC9E59300BDC399 /* settings-tab@2x.png */; };
		B89EB59D1AC9E59300BDC399 /* splash-logo.png in Resources */ = {isa = PBXBuildFile; fileRef = B89EB5851AC9E59300BDC399 /* splash-logo.png */; };
		B89EB59E1AC9E59300BDC399 /* timer-tab.png in Resources */ = {isa = PBXBuildFile; fileRef = B89EB5861AC9E59300BDC399 /* timer-tab.png */; };
		B89EB59F1AC9E59300BDC399 /* timer-tab@2x.png in Resources */ = {isa = PBXBuildFile; fileRef = B89EB5871AC9E59300BDC399 /* timer-tab@2x.png */; };
		B89EB5A01AC9E59300BDC399 /* wine-glass.png in Resources */ = {isa = PBXBuildFile; fileRef = B89EB5881AC9E59300BDC399 /* wine-glass.png */; };
		B89EB5A51AC9E59C00BDC399 /* Calibri Bold.ttf in Resources */ = {isa = PBXBuildFile; fileRef = B89EB5A21AC9E59C00BDC399 /* Calibri Bold.ttf */; };
		B89EB5A61AC9E59C00BDC399 /* Calibri.ttf in Resources */ = {isa = PBXBuildFile; fileRef = B89EB5A31AC9E59C00BDC399 /* Calibri.ttf */; };
		B89EB5A71AC9E59C00BDC399 /* CooperBlackStd.otf in Resources */ = {isa = PBXBuildFile; fileRef = B89EB5A41AC9E59C00BDC399 /* CooperBlackStd.otf */; };
		B89EB5AA1AC9E60400BDC399 /* MyRecipeViewController.m in Sources */ = {isa = PBXBuildFile; fileRef = B89EB5A91AC9E60400BDC399 /* MyRecipeViewController.m */; };
		B89EB5AD1AC9E64F00BDC399 /* BrowseViewController.m in Sources */ = {isa = PBXBuildFile; fileRef = B89EB5AC1AC9E64F00BDC399 /* BrowseViewController.m */; };
		B89EB5B21AC9E78900BDC399 /* SettingsViewController.m in Sources */ = {isa = PBXBuildFile; fileRef = B89EB5AF1AC9E78900BDC399 /* SettingsViewController.m */; };
		B89EB5B31AC9E78900BDC399 /* TimersViewController.m in Sources */ = {isa = PBXBuildFile; fileRef = B89EB5B11AC9E78900BDC399 /* TimersViewController.m */; };
		B89EB5B61AC9E7F300BDC399 /* CustomTableViewCell.m in Sources */ = {isa = PBXBuildFile; fileRef = B89EB5B51AC9E7F300BDC399 /* CustomTableViewCell.m */; };
		B89EB5B91AC9E90000BDC399 /* NewRecipeViewController.m in Sources */ = {isa = PBXBuildFile; fileRef = B89EB5B81AC9E90000BDC399 /* NewRecipeViewController.m */; };
		B89EB5C01AC9E94400BDC399 /* CustomPFLoginViewController.m in Sources */ = {isa = PBXBuildFile; fileRef = B89EB5BB1AC9E94400BDC399 /* CustomPFLoginViewController.m */; };
		B89EB5C11AC9E94400BDC399 /* CustomPFSignUpViewController.m in Sources */ = {isa = PBXBuildFile; fileRef = B89EB5BD1AC9E94400BDC399 /* CustomPFSignUpViewController.m */; };
		B89EB5C21AC9E94400BDC399 /* CustomPickerDelegate.m in Sources */ = {isa = PBXBuildFile; fileRef = B89EB5BF1AC9E94400BDC399 /* CustomPickerDelegate.m */; };
		B89EB5C41AC9EA3A00BDC399 /* Accounts.framework in Frameworks */ = {isa = PBXBuildFile; fileRef = B89EB5C31AC9EA3A00BDC399 /* Accounts.framework */; };
		B89EB5C61AC9EA4000BDC399 /* Social.framework in Frameworks */ = {isa = PBXBuildFile; fileRef = B89EB5C51AC9EA4000BDC399 /* Social.framework */; };
		B89EB5C81AC9EA4E00BDC399 /* libsqlite3.dylib in Frameworks */ = {isa = PBXBuildFile; fileRef = B89EB5C71AC9EA4E00BDC399 /* libsqlite3.dylib */; };
		B89EB5CA1AC9EA5B00BDC399 /* libz.dylib in Frameworks */ = {isa = PBXBuildFile; fileRef = B89EB5C91AC9EA5B00BDC399 /* libz.dylib */; };
		B89EB5CC1AC9EA6900BDC399 /* SystemConfiguration.framework in Frameworks */ = {isa = PBXBuildFile; fileRef = B89EB5CB1AC9EA6900BDC399 /* SystemConfiguration.framework */; };
		B89EB5CE1AC9EA7100BDC399 /* StoreKit.framework in Frameworks */ = {isa = PBXBuildFile; fileRef = B89EB5CD1AC9EA7100BDC399 /* StoreKit.framework */; };
		B89EB5D01AC9EA7900BDC399 /* Security.framework in Frameworks */ = {isa = PBXBuildFile; fileRef = B89EB5CF1AC9EA7900BDC399 /* Security.framework */; };
		B89EB5D21AC9EA8100BDC399 /* QuartzCore.framework in Frameworks */ = {isa = PBXBuildFile; fileRef = B89EB5D11AC9EA8100BDC399 /* QuartzCore.framework */; };
		B89EB5D41AC9EA8A00BDC399 /* MobileCoreServices.framework in Frameworks */ = {isa = PBXBuildFile; fileRef = B89EB5D31AC9EA8A00BDC399 /* MobileCoreServices.framework */; };
		B89EB5D61AC9EA9300BDC399 /* CoreLocation.framework in Frameworks */ = {isa = PBXBuildFile; fileRef = B89EB5D51AC9EA9300BDC399 /* CoreLocation.framework */; };
		B89EB5D81AC9EA9A00BDC399 /* CoreGraphics.framework in Frameworks */ = {isa = PBXBuildFile; fileRef = B89EB5D71AC9EA9A00BDC399 /* CoreGraphics.framework */; };
		B89EB5DA1AC9EAA300BDC399 /* CFNetwork.framework in Frameworks */ = {isa = PBXBuildFile; fileRef = B89EB5D91AC9EAA300BDC399 /* CFNetwork.framework */; };
		B89EB5DC1AC9EAAC00BDC399 /* AudioToolbox.framework in Frameworks */ = {isa = PBXBuildFile; fileRef = B89EB5DB1AC9EAAC00BDC399 /* AudioToolbox.framework */; };
/* End PBXBuildFile section */

/* Begin PBXContainerItemProxy section */
		B89EB52C1AC9E3FF00BDC399 /* PBXContainerItemProxy */ = {
			isa = PBXContainerItemProxy;
			containerPortal = B89EB5071AC9E3FF00BDC399 /* Project object */;
			proxyType = 1;
			remoteGlobalIDString = B89EB50E1AC9E3FF00BDC399;
			remoteInfo = MyBrewLogAlpha;
		};
/* End PBXContainerItemProxy section */

/* Begin PBXFileReference section */
		B89EB50F1AC9E3FF00BDC399 /* MyBrewLogAlpha.app */ = {isa = PBXFileReference; explicitFileType = wrapper.application; includeInIndex = 0; path = MyBrewLogAlpha.app; sourceTree = BUILT_PRODUCTS_DIR; };
		B89EB5131AC9E3FF00BDC399 /* Info.plist */ = {isa = PBXFileReference; lastKnownFileType = text.plist.xml; path = Info.plist; sourceTree = "<group>"; };
		B89EB5141AC9E3FF00BDC399 /* main.m */ = {isa = PBXFileReference; lastKnownFileType = sourcecode.c.objc; path = main.m; sourceTree = "<group>"; };
		B89EB5161AC9E3FF00BDC399 /* AppDelegate.h */ = {isa = PBXFileReference; lastKnownFileType = sourcecode.c.h; path = AppDelegate.h; sourceTree = "<group>"; };
		B89EB5171AC9E3FF00BDC399 /* AppDelegate.m */ = {isa = PBXFileReference; lastKnownFileType = sourcecode.c.objc; path = AppDelegate.m; sourceTree = "<group>"; };
		B89EB5201AC9E3FF00BDC399 /* Base */ = {isa = PBXFileReference; lastKnownFileType = file.storyboard; name = Base; path = Base.lproj/Main.storyboard; sourceTree = "<group>"; };
		B89EB5221AC9E3FF00BDC399 /* Images.xcassets */ = {isa = PBXFileReference; lastKnownFileType = folder.assetcatalog; path = Images.xcassets; sourceTree = "<group>"; };
		B89EB5251AC9E3FF00BDC399 /* Base */ = {isa = PBXFileReference; lastKnownFileType = file.xib; name = Base; path = Base.lproj/LaunchScreen.xib; sourceTree = "<group>"; };
		B89EB52B1AC9E3FF00BDC399 /* MyBrewLogAlphaTests.xctest */ = {isa = PBXFileReference; explicitFileType = wrapper.cfbundle; includeInIndex = 0; path = MyBrewLogAlphaTests.xctest; sourceTree = BUILT_PRODUCTS_DIR; };
		B89EB5301AC9E3FF00BDC399 /* Info.plist */ = {isa = PBXFileReference; lastKnownFileType = text.plist.xml; path = Info.plist; sourceTree = "<group>"; };
		B89EB5311AC9E3FF00BDC399 /* MyBrewLogAlphaTests.m */ = {isa = PBXFileReference; lastKnownFileType = sourcecode.c.objc; path = MyBrewLogAlphaTests.m; sourceTree = "<group>"; };
		B89EB53C1AC9E54900BDC399 /* .travis.yml */ = {isa = PBXFileReference; fileEncoding = 4; lastKnownFileType = text; path = .travis.yml; sourceTree = "<group>"; };
		B89EB53D1AC9E54900BDC399 /* ActionSheetPicker-3.0.podspec */ = {isa = PBXFileReference; fileEncoding = 4; lastKnownFileType = text; path = "ActionSheetPicker-3.0.podspec"; sourceTree = "<group>"; };
		B89EB53E1AC9E54900BDC399 /* AUTHORS.md */ = {isa = PBXFileReference; fileEncoding = 4; lastKnownFileType = net.daringfireball.markdown; path = AUTHORS.md; sourceTree = "<group>"; };
		B89EB53F1AC9E54900BDC399 /* CHANGELOG.md */ = {isa = PBXFileReference; fileEncoding = 4; lastKnownFileType = net.daringfireball.markdown; path = CHANGELOG.md; sourceTree = "<group>"; };
		B89EB5401AC9E54900BDC399 /* CONTRIBUTING.md */ = {isa = PBXFileReference; fileEncoding = 4; lastKnownFileType = net.daringfireball.markdown; path = CONTRIBUTING.md; sourceTree = "<group>"; };
		B89EB5411AC9E54900BDC399 /* LICENSE */ = {isa = PBXFileReference; fileEncoding = 4; lastKnownFileType = text; path = LICENSE; sourceTree = "<group>"; };
		B89EB5431AC9E54900BDC399 /* CoreActionSheetPicker.framework */ = {isa = PBXFileReference; lastKnownFileType = wrapper.framework; path = CoreActionSheetPicker.framework; sourceTree = "<group>"; };
		B89EB5451AC9E54900BDC399 /* AbstractActionSheetPicker.h */ = {isa = PBXFileReference; fileEncoding = 4; lastKnownFileType = sourcecode.c.h; path = AbstractActionSheetPicker.h; sourceTree = "<group>"; };
		B89EB5461AC9E54900BDC399 /* AbstractActionSheetPicker.m */ = {isa = PBXFileReference; fileEncoding = 4; lastKnownFileType = sourcecode.c.objc; path = AbstractActionSheetPicker.m; sourceTree = "<group>"; };
		B89EB5471AC9E54900BDC399 /* ActionSheetCustomPicker.h */ = {isa = PBXFileReference; fileEncoding = 4; lastKnownFileType = sourcecode.c.h; path = ActionSheetCustomPicker.h; sourceTree = "<group>"; };
		B89EB5481AC9E54900BDC399 /* ActionSheetCustomPicker.m */ = {isa = PBXFileReference; fileEncoding = 4; lastKnownFileType = sourcecode.c.objc; path = ActionSheetCustomPicker.m; sourceTree = "<group>"; };
		B89EB5491AC9E54900BDC399 /* ActionSheetCustomPickerDelegate.h */ = {isa = PBXFileReference; fileEncoding = 4; lastKnownFileType = sourcecode.c.h; path = ActionSheetCustomPickerDelegate.h; sourceTree = "<group>"; };
		B89EB54A1AC9E54900BDC399 /* ActionSheetDatePicker.h */ = {isa = PBXFileReference; fileEncoding = 4; lastKnownFileType = sourcecode.c.h; path = ActionSheetDatePicker.h; sourceTree = "<group>"; };
		B89EB54B1AC9E54900BDC399 /* ActionSheetDatePicker.m */ = {isa = PBXFileReference; fileEncoding = 4; lastKnownFileType = sourcecode.c.objc; path = ActionSheetDatePicker.m; sourceTree = "<group>"; };
		B89EB54C1AC9E54900BDC399 /* ActionSheetDistancePicker.h */ = {isa = PBXFileReference; fileEncoding = 4; lastKnownFileType = sourcecode.c.h; path = ActionSheetDistancePicker.h; sourceTree = "<group>"; };
		B89EB54D1AC9E54900BDC399 /* ActionSheetDistancePicker.m */ = {isa = PBXFileReference; fileEncoding = 4; lastKnownFileType = sourcecode.c.objc; path = ActionSheetDistancePicker.m; sourceTree = "<group>"; };
		B89EB54E1AC9E54900BDC399 /* ActionSheetLocalePicker.h */ = {isa = PBXFileReference; fileEncoding = 4; lastKnownFileType = sourcecode.c.h; path = ActionSheetLocalePicker.h; sourceTree = "<group>"; };
		B89EB54F1AC9E54900BDC399 /* ActionSheetLocalePicker.m */ = {isa = PBXFileReference; fileEncoding = 4; lastKnownFileType = sourcecode.c.objc; path = ActionSheetLocalePicker.m; sourceTree = "<group>"; };
		B89EB5501AC9E54900BDC399 /* ActionSheetPicker.h */ = {isa = PBXFileReference; fileEncoding = 4; lastKnownFileType = sourcecode.c.h; path = ActionSheetPicker.h; sourceTree = "<group>"; };
		B89EB5511AC9E54900BDC399 /* ActionSheetStringPicker.h */ = {isa = PBXFileReference; fileEncoding = 4; lastKnownFileType = sourcecode.c.h; path = ActionSheetStringPicker.h; sourceTree = "<group>"; };
		B89EB5521AC9E54900BDC399 /* ActionSheetStringPicker.m */ = {isa = PBXFileReference; fileEncoding = 4; lastKnownFileType = sourcecode.c.objc; path = ActionSheetStringPicker.m; sourceTree = "<group>"; };
		B89EB5531AC9E54900BDC399 /* DistancePickerView.h */ = {isa = PBXFileReference; fileEncoding = 4; lastKnownFileType = sourcecode.c.h; path = DistancePickerView.h; sourceTree = "<group>"; };
		B89EB5541AC9E54900BDC399 /* DistancePickerView.m */ = {isa = PBXFileReference; fileEncoding = 4; lastKnownFileType = sourcecode.c.objc; path = DistancePickerView.m; sourceTree = "<group>"; };
		B89EB5551AC9E54900BDC399 /* SWActionSheet.h */ = {isa = PBXFileReference; fileEncoding = 4; lastKnownFileType = sourcecode.c.h; path = SWActionSheet.h; sourceTree = "<group>"; };
		B89EB5561AC9E54900BDC399 /* SWActionSheet.m */ = {isa = PBXFileReference; fileEncoding = 4; lastKnownFileType = sourcecode.c.objc; path = SWActionSheet.m; sourceTree = "<group>"; };
		B89EB5571AC9E54900BDC399 /* README.md */ = {isa = PBXFileReference; fileEncoding = 4; lastKnownFileType = net.daringfireball.markdown; path = README.md; sourceTree = "<group>"; };
		B89EB5701AC9E59300BDC399 /* Bolts.framework */ = {isa = PBXFileReference; lastKnownFileType = wrapper.framework; path = Bolts.framework; sourceTree = "<group>"; };
		B89EB5711AC9E59300BDC399 /* Parse.framework */ = {isa = PBXFileReference; lastKnownFileType = wrapper.framework; path = Parse.framework; sourceTree = "<group>"; };
		B89EB5721AC9E59300BDC399 /* ParseCrashReporting.framework */ = {isa = PBXFileReference; lastKnownFileType = wrapper.framework; path = ParseCrashReporting.framework; sourceTree = "<group>"; };
		B89EB5731AC9E59300BDC399 /* ParseFacebookUtils.framework */ = {isa = PBXFileReference; lastKnownFileType = wrapper.framework; path = ParseFacebookUtils.framework; sourceTree = "<group>"; };
		B89EB5741AC9E59300BDC399 /* ParseUI.framework */ = {isa = PBXFileReference; lastKnownFileType = wrapper.framework; path = ParseUI.framework; sourceTree = "<group>"; };
		B89EB5761AC9E59300BDC399 /* barrels.jpg */ = {isa = PBXFileReference; lastKnownFileType = image.jpeg; path = barrels.jpg; sourceTree = "<group>"; };
		B89EB5771AC9E59300BDC399 /* beer-bottle.png */ = {isa = PBXFileReference; lastKnownFileType = image.png; path = "beer-bottle.png"; sourceTree = "<group>"; };
		B89EB5781AC9E59300BDC399 /* browse-tab.png */ = {isa = PBXFileReference; lastKnownFileType = image.png; path = "browse-tab.png"; sourceTree = "<group>"; };
		B89EB5791AC9E59300BDC399 /* browse-tab@2x.png */ = {isa = PBXFileReference; lastKnownFileType = image.png; path = "browse-tab@2x.png"; sourceTree = "<group>"; };
		B89EB57A1AC9E59300BDC399 /* glasses.jpg */ = {isa = PBXFileReference; lastKnownFileType = image.jpeg; path = glasses.jpg; sourceTree = "<group>"; };
		B89EB57B1AC9E59300BDC399 /* Icon-76.png */ = {isa = PBXFileReference; lastKnownFileType = image.png; path = "Icon-76.png"; sourceTree = "<group>"; };
		B89EB57C1AC9E59300BDC399 /* Icon-76@2x.png */ = {isa = PBXFileReference; lastKnownFileType = image.png; path = "Icon-76@2x.png"; sourceTree = "<group>"; };
		B89EB57D1AC9E59300BDC399 /* icon.png */ = {isa = PBXFileReference; lastKnownFileType = image.png; path = icon.png; sourceTree = "<group>"; };
		B89EB57E1AC9E59300BDC399 /* Icon@2x.png */ = {isa = PBXFileReference; lastKnownFileType = image.png; path = "Icon@2x.png"; sourceTree = "<group>"; };
		B89EB57F1AC9E59300BDC399 /* my-logo.png */ = {isa = PBXFileReference; lastKnownFileType = image.png; path = "my-logo.png"; sourceTree = "<group>"; };
		B89EB5801AC9E59300BDC399 /* my-recipes-tab.png */ = {isa = PBXFileReference; lastKnownFileType = image.png; path = "my-recipes-tab.png"; sourceTree = "<group>"; };
		B89EB5811AC9E59300BDC399 /* my-recipes-tab@2x.png */ = {isa = PBXFileReference; lastKnownFileType = image.png; path = "my-recipes-tab@2x.png"; sourceTree = "<group>"; };
		B89EB5821AC9E59300BDC399 /* other-icon.png */ = {isa = PBXFileReference; lastKnownFileType = image.png; path = "other-icon.png"; sourceTree = "<group>"; };
		B89EB5831AC9E59300BDC399 /* settings-tab.png */ = {isa = PBXFileReference; lastKnownFileType = image.png; path = "settings-tab.png"; sourceTree = "<group>"; };
		B89EB5841AC9E59300BDC399 /* settings-tab@2x.png */ = {isa = PBXFileReference; lastKnownFileType = image.png; path = "settings-tab@2x.png"; sourceTree = "<group>"; };
		B89EB5851AC9E59300BDC399 /* splash-logo.png */ = {isa = PBXFileReference; lastKnownFileType = image.png; path = "splash-logo.png"; sourceTree = "<group>"; };
		B89EB5861AC9E59300BDC399 /* timer-tab.png */ = {isa = PBXFileReference; lastKnownFileType = image.png; path = "timer-tab.png"; sourceTree = "<group>"; };
		B89EB5871AC9E59300BDC399 /* timer-tab@2x.png */ = {isa = PBXFileReference; lastKnownFileType = image.png; path = "timer-tab@2x.png"; sourceTree = "<group>"; };
		B89EB5881AC9E59300BDC399 /* wine-glass.png */ = {isa = PBXFileReference; lastKnownFileType = image.png; path = "wine-glass.png"; sourceTree = "<group>"; };
		B89EB5A21AC9E59C00BDC399 /* Calibri Bold.ttf */ = {isa = PBXFileReference; lastKnownFileType = file; path = "Calibri Bold.ttf"; sourceTree = "<group>"; };
		B89EB5A31AC9E59C00BDC399 /* Calibri.ttf */ = {isa = PBXFileReference; lastKnownFileType = file; path = Calibri.ttf; sourceTree = "<group>"; };
		B89EB5A41AC9E59C00BDC399 /* CooperBlackStd.otf */ = {isa = PBXFileReference; lastKnownFileType = file; path = CooperBlackStd.otf; sourceTree = "<group>"; };
		B89EB5A81AC9E60400BDC399 /* MyRecipeViewController.h */ = {isa = PBXFileReference; fileEncoding = 4; lastKnownFileType = sourcecode.c.h; path = MyRecipeViewController.h; sourceTree = "<group>"; };
		B89EB5A91AC9E60400BDC399 /* MyRecipeViewController.m */ = {isa = PBXFileReference; fileEncoding = 4; lastKnownFileType = sourcecode.c.objc; path = MyRecipeViewController.m; sourceTree = "<group>"; };
		B89EB5AB1AC9E64F00BDC399 /* BrowseViewController.h */ = {isa = PBXFileReference; fileEncoding = 4; lastKnownFileType = sourcecode.c.h; path = BrowseViewController.h; sourceTree = "<group>"; };
		B89EB5AC1AC9E64F00BDC399 /* BrowseViewController.m */ = {isa = PBXFileReference; fileEncoding = 4; lastKnownFileType = sourcecode.c.objc; path = BrowseViewController.m; sourceTree = "<group>"; };
		B89EB5AE1AC9E78900BDC399 /* SettingsViewController.h */ = {isa = PBXFileReference; fileEncoding = 4; lastKnownFileType = sourcecode.c.h; path = SettingsViewController.h; sourceTree = "<group>"; };
		B89EB5AF1AC9E78900BDC399 /* SettingsViewController.m */ = {isa = PBXFileReference; fileEncoding = 4; lastKnownFileType = sourcecode.c.objc; path = SettingsViewController.m; sourceTree = "<group>"; };
		B89EB5B01AC9E78900BDC399 /* TimersViewController.h */ = {isa = PBXFileReference; fileEncoding = 4; lastKnownFileType = sourcecode.c.h; path = TimersViewController.h; sourceTree = "<group>"; };
		B89EB5B11AC9E78900BDC399 /* TimersViewController.m */ = {isa = PBXFileReference; fileEncoding = 4; lastKnownFileType = sourcecode.c.objc; path = TimersViewController.m; sourceTree = "<group>"; };
		B89EB5B41AC9E7F300BDC399 /* CustomTableViewCell.h */ = {isa = PBXFileReference; fileEncoding = 4; lastKnownFileType = sourcecode.c.h; path = CustomTableViewCell.h; sourceTree = "<group>"; };
		B89EB5B51AC9E7F300BDC399 /* CustomTableViewCell.m */ = {isa = PBXFileReference; fileEncoding = 4; lastKnownFileType = sourcecode.c.objc; path = CustomTableViewCell.m; sourceTree = "<group>"; };
		B89EB5B71AC9E90000BDC399 /* NewRecipeViewController.h */ = {isa = PBXFileReference; fileEncoding = 4; lastKnownFileType = sourcecode.c.h; path = NewRecipeViewController.h; sourceTree = "<group>"; };
		B89EB5B81AC9E90000BDC399 /* NewRecipeViewController.m */ = {isa = PBXFileReference; fileEncoding = 4; lastKnownFileType = sourcecode.c.objc; path = NewRecipeViewController.m; sourceTree = "<group>"; };
		B89EB5BA1AC9E94300BDC399 /* CustomPFLoginViewController.h */ = {isa = PBXFileReference; fileEncoding = 4; lastKnownFileType = sourcecode.c.h; path = CustomPFLoginViewController.h; sourceTree = "<group>"; };
		B89EB5BB1AC9E94400BDC399 /* CustomPFLoginViewController.m */ = {isa = PBXFileReference; fileEncoding = 4; lastKnownFileType = sourcecode.c.objc; path = CustomPFLoginViewController.m; sourceTree = "<group>"; };
		B89EB5BC1AC9E94400BDC399 /* CustomPFSignUpViewController.h */ = {isa = PBXFileReference; fileEncoding = 4; lastKnownFileType = sourcecode.c.h; path = CustomPFSignUpViewController.h; sourceTree = "<group>"; };
		B89EB5BD1AC9E94400BDC399 /* CustomPFSignUpViewController.m */ = {isa = PBXFileReference; fileEncoding = 4; lastKnownFileType = sourcecode.c.objc; path = CustomPFSignUpViewController.m; sourceTree = "<group>"; };
		B89EB5BE1AC9E94400BDC399 /* CustomPickerDelegate.h */ = {isa = PBXFileReference; fileEncoding = 4; lastKnownFileType = sourcecode.c.h; path = CustomPickerDelegate.h; sourceTree = "<group>"; };
		B89EB5BF1AC9E94400BDC399 /* CustomPickerDelegate.m */ = {isa = PBXFileReference; fileEncoding = 4; lastKnownFileType = sourcecode.c.objc; path = CustomPickerDelegate.m; sourceTree = "<group>"; };
		B89EB5C31AC9EA3A00BDC399 /* Accounts.framework */ = {isa = PBXFileReference; lastKnownFileType = wrapper.framework; name = Accounts.framework; path = System/Library/Frameworks/Accounts.framework; sourceTree = SDKROOT; };
		B89EB5C51AC9EA4000BDC399 /* Social.framework */ = {isa = PBXFileReference; lastKnownFileType = wrapper.framework; name = Social.framework; path = System/Library/Frameworks/Social.framework; sourceTree = SDKROOT; };
		B89EB5C71AC9EA4E00BDC399 /* libsqlite3.dylib */ = {isa = PBXFileReference; lastKnownFileType = "compiled.mach-o.dylib"; name = libsqlite3.dylib; path = usr/lib/libsqlite3.dylib; sourceTree = SDKROOT; };
		B89EB5C91AC9EA5B00BDC399 /* libz.dylib */ = {isa = PBXFileReference; lastKnownFileType = "compiled.mach-o.dylib"; name = libz.dylib; path = usr/lib/libz.dylib; sourceTree = SDKROOT; };
		B89EB5CB1AC9EA6900BDC399 /* SystemConfiguration.framework */ = {isa = PBXFileReference; lastKnownFileType = wrapper.framework; name = SystemConfiguration.framework; path = System/Library/Frameworks/SystemConfiguration.framework; sourceTree = SDKROOT; };
		B89EB5CD1AC9EA7100BDC399 /* StoreKit.framework */ = {isa = PBXFileReference; lastKnownFileType = wrapper.framework; name = StoreKit.framework; path = System/Library/Frameworks/StoreKit.framework; sourceTree = SDKROOT; };
		B89EB5CF1AC9EA7900BDC399 /* Security.framework */ = {isa = PBXFileReference; lastKnownFileType = wrapper.framework; name = Security.framework; path = System/Library/Frameworks/Security.framework; sourceTree = SDKROOT; };
		B89EB5D11AC9EA8100BDC399 /* QuartzCore.framework */ = {isa = PBXFileReference; lastKnownFileType = wrapper.framework; name = QuartzCore.framework; path = System/Library/Frameworks/QuartzCore.framework; sourceTree = SDKROOT; };
		B89EB5D31AC9EA8A00BDC399 /* MobileCoreServices.framework */ = {isa = PBXFileReference; lastKnownFileType = wrapper.framework; name = MobileCoreServices.framework; path = System/Library/Frameworks/MobileCoreServices.framework; sourceTree = SDKROOT; };
		B89EB5D51AC9EA9300BDC399 /* CoreLocation.framework */ = {isa = PBXFileReference; lastKnownFileType = wrapper.framework; name = CoreLocation.framework; path = System/Library/Frameworks/CoreLocation.framework; sourceTree = SDKROOT; };
		B89EB5D71AC9EA9A00BDC399 /* CoreGraphics.framework */ = {isa = PBXFileReference; lastKnownFileType = wrapper.framework; name = CoreGraphics.framework; path = System/Library/Frameworks/CoreGraphics.framework; sourceTree = SDKROOT; };
		B89EB5D91AC9EAA300BDC399 /* CFNetwork.framework */ = {isa = PBXFileReference; lastKnownFileType = wrapper.framework; name = CFNetwork.framework; path = System/Library/Frameworks/CFNetwork.framework; sourceTree = SDKROOT; };
		B89EB5DB1AC9EAAC00BDC399 /* AudioToolbox.framework */ = {isa = PBXFileReference; lastKnownFileType = wrapper.framework; name = AudioToolbox.framework; path = System/Library/Frameworks/AudioToolbox.framework; sourceTree = SDKROOT; };
/* End PBXFileReference section */

/* Begin PBXFrameworksBuildPhase section */
		B89EB50C1AC9E3FF00BDC399 /* Frameworks */ = {
			isa = PBXFrameworksBuildPhase;
			buildActionMask = 2147483647;
			files = (
				B89EB5DC1AC9EAAC00BDC399 /* AudioToolbox.framework in Frameworks */,
				B89EB5DA1AC9EAA300BDC399 /* CFNetwork.framework in Frameworks */,
				B89EB5D81AC9EA9A00BDC399 /* CoreGraphics.framework in Frameworks */,
				B89EB5D61AC9EA9300BDC399 /* CoreLocation.framework in Frameworks */,
				B89EB5D41AC9EA8A00BDC399 /* MobileCoreServices.framework in Frameworks */,
				B89EB5D21AC9EA8100BDC399 /* QuartzCore.framework in Frameworks */,
				B89EB5D01AC9EA7900BDC399 /* Security.framework in Frameworks */,
				B89EB5CE1AC9EA7100BDC399 /* StoreKit.framework in Frameworks */,
				B89EB5CC1AC9EA6900BDC399 /* SystemConfiguration.framework in Frameworks */,
				B89EB5CA1AC9EA5B00BDC399 /* libz.dylib in Frameworks */,
				B89EB5C81AC9EA4E00BDC399 /* libsqlite3.dylib in Frameworks */,
				B89EB5C61AC9EA4000BDC399 /* Social.framework in Frameworks */,
				B89EB5C41AC9EA3A00BDC399 /* Accounts.framework in Frameworks */,
				B89EB58D1AC9E59300BDC399 /* ParseUI.framework in Frameworks */,
				B89EB58A1AC9E59300BDC399 /* Parse.framework in Frameworks */,
				B89EB5891AC9E59300BDC399 /* Bolts.framework in Frameworks */,
				B89EB58C1AC9E59300BDC399 /* ParseFacebookUtils.framework in Frameworks */,
				B89EB58B1AC9E59300BDC399 /* ParseCrashReporting.framework in Frameworks */,
			);
			runOnlyForDeploymentPostprocessing = 0;
		};
		B89EB5281AC9E3FF00BDC399 /* Frameworks */ = {
			isa = PBXFrameworksBuildPhase;
			buildActionMask = 2147483647;
			files = (
			);
			runOnlyForDeploymentPostprocessing = 0;
		};
/* End PBXFrameworksBuildPhase section */

/* Begin PBXGroup section */
		B89EB5061AC9E3FF00BDC399 = {
			isa = PBXGroup;
			children = (
				B89EB5111AC9E3FF00BDC399 /* MyBrewLogAlpha */,
				B89EB52E1AC9E3FF00BDC399 /* MyBrewLogAlphaTests */,
				B89EB5101AC9E3FF00BDC399 /* Products */,
			);
			sourceTree = "<group>";
		};
		B89EB5101AC9E3FF00BDC399 /* Products */ = {
			isa = PBXGroup;
			children = (
				B89EB50F1AC9E3FF00BDC399 /* MyBrewLogAlpha.app */,
				B89EB52B1AC9E3FF00BDC399 /* MyBrewLogAlphaTests.xctest */,
			);
			name = Products;
			sourceTree = "<group>";
		};
		B89EB5111AC9E3FF00BDC399 /* MyBrewLogAlpha */ = {
			isa = PBXGroup;
			children = (
				B89EB53B1AC9E54900BDC399 /* ActionSheetPicker-3.0-master */,
				B89EB5A11AC9E59C00BDC399 /* resources */,
				B89EB56F1AC9E59300BDC399 /* Frameworks */,
				B89EB5751AC9E59300BDC399 /* images */,
				B89EB5161AC9E3FF00BDC399 /* AppDelegate.h */,
				B89EB5171AC9E3FF00BDC399 /* AppDelegate.m */,
				B89EB5A81AC9E60400BDC399 /* MyRecipeViewController.h */,
				B89EB5A91AC9E60400BDC399 /* MyRecipeViewController.m */,
				B89EB5AB1AC9E64F00BDC399 /* BrowseViewController.h */,
				B89EB5AC1AC9E64F00BDC399 /* BrowseViewController.m */,
				B89EB5B01AC9E78900BDC399 /* TimersViewController.h */,
				B89EB5B11AC9E78900BDC399 /* TimersViewController.m */,
				B89EB5AE1AC9E78900BDC399 /* SettingsViewController.h */,
				B89EB5AF1AC9E78900BDC399 /* SettingsViewController.m */,
				B89EB51F1AC9E3FF00BDC399 /* Main.storyboard */,
				B89EB5221AC9E3FF00BDC399 /* Images.xcassets */,
				B89EB5241AC9E3FF00BDC399 /* LaunchScreen.xib */,
				B89EB5121AC9E3FF00BDC399 /* Supporting Files */,
				B89EB5B41AC9E7F300BDC399 /* CustomTableViewCell.h */,
				B89EB5B51AC9E7F300BDC399 /* CustomTableViewCell.m */,
				B89EB5B71AC9E90000BDC399 /* NewRecipeViewController.h */,
				B89EB5B81AC9E90000BDC399 /* NewRecipeViewController.m */,
				B89EB5BE1AC9E94400BDC399 /* CustomPickerDelegate.h */,
				B89EB5BF1AC9E94400BDC399 /* CustomPickerDelegate.m */,
				B89EB5BA1AC9E94300BDC399 /* CustomPFLoginViewController.h */,
				B89EB5BB1AC9E94400BDC399 /* CustomPFLoginViewController.m */,
				B89EB5BC1AC9E94400BDC399 /* CustomPFSignUpViewController.h */,
				B89EB5BD1AC9E94400BDC399 /* CustomPFSignUpViewController.m */,
			);
			path = MyBrewLogAlpha;
			sourceTree = "<group>";
		};
		B89EB5121AC9E3FF00BDC399 /* Supporting Files */ = {
			isa = PBXGroup;
			children = (
				B89EB5131AC9E3FF00BDC399 /* Info.plist */,
				B89EB5141AC9E3FF00BDC399 /* main.m */,
			);
			name = "Supporting Files";
			sourceTree = "<group>";
		};
		B89EB52E1AC9E3FF00BDC399 /* MyBrewLogAlphaTests */ = {
			isa = PBXGroup;
			children = (
				B89EB5311AC9E3FF00BDC399 /* MyBrewLogAlphaTests.m */,
				B89EB52F1AC9E3FF00BDC399 /* Supporting Files */,
			);
			path = MyBrewLogAlphaTests;
			sourceTree = "<group>";
		};
		B89EB52F1AC9E3FF00BDC399 /* Supporting Files */ = {
			isa = PBXGroup;
			children = (
				B89EB5301AC9E3FF00BDC399 /* Info.plist */,
			);
			name = "Supporting Files";
			sourceTree = "<group>";
		};
		B89EB53B1AC9E54900BDC399 /* ActionSheetPicker-3.0-master */ = {
			isa = PBXGroup;
			children = (
				B89EB53C1AC9E54900BDC399 /* .travis.yml */,
				B89EB53D1AC9E54900BDC399 /* ActionSheetPicker-3.0.podspec */,
				B89EB53E1AC9E54900BDC399 /* AUTHORS.md */,
				B89EB53F1AC9E54900BDC399 /* CHANGELOG.md */,
				B89EB5401AC9E54900BDC399 /* CONTRIBUTING.md */,
				B89EB5411AC9E54900BDC399 /* LICENSE */,
				B89EB5421AC9E54900BDC399 /* ObjC-Example */,
				B89EB5441AC9E54900BDC399 /* Pickers */,
				B89EB5571AC9E54900BDC399 /* README.md */,
			);
			path = "ActionSheetPicker-3.0-master";
			sourceTree = "<group>";
		};
		B89EB5421AC9E54900BDC399 /* ObjC-Example */ = {
			isa = PBXGroup;
			children = (
				B89EB5431AC9E54900BDC399 /* CoreActionSheetPicker.framework */,
			);
			path = "ObjC-Example";
			sourceTree = "<group>";
		};
		B89EB5441AC9E54900BDC399 /* Pickers */ = {
			isa = PBXGroup;
			children = (
				B89EB5451AC9E54900BDC399 /* AbstractActionSheetPicker.h */,
				B89EB5461AC9E54900BDC399 /* AbstractActionSheetPicker.m */,
				B89EB5471AC9E54900BDC399 /* ActionSheetCustomPicker.h */,
				B89EB5481AC9E54900BDC399 /* ActionSheetCustomPicker.m */,
				B89EB5491AC9E54900BDC399 /* ActionSheetCustomPickerDelegate.h */,
				B89EB54A1AC9E54900BDC399 /* ActionSheetDatePicker.h */,
				B89EB54B1AC9E54900BDC399 /* ActionSheetDatePicker.m */,
				B89EB54C1AC9E54900BDC399 /* ActionSheetDistancePicker.h */,
				B89EB54D1AC9E54900BDC399 /* ActionSheetDistancePicker.m */,
				B89EB54E1AC9E54900BDC399 /* ActionSheetLocalePicker.h */,
				B89EB54F1AC9E54900BDC399 /* ActionSheetLocalePicker.m */,
				B89EB5501AC9E54900BDC399 /* ActionSheetPicker.h */,
				B89EB5511AC9E54900BDC399 /* ActionSheetStringPicker.h */,
				B89EB5521AC9E54900BDC399 /* ActionSheetStringPicker.m */,
				B89EB5531AC9E54900BDC399 /* DistancePickerView.h */,
				B89EB5541AC9E54900BDC399 /* DistancePickerView.m */,
				B89EB5551AC9E54900BDC399 /* SWActionSheet.h */,
				B89EB5561AC9E54900BDC399 /* SWActionSheet.m */,
			);
			path = Pickers;
			sourceTree = "<group>";
		};
		B89EB56F1AC9E59300BDC399 /* Frameworks */ = {
			isa = PBXGroup;
			children = (
				B89EB5DB1AC9EAAC00BDC399 /* AudioToolbox.framework */,
				B89EB5D91AC9EAA300BDC399 /* CFNetwork.framework */,
				B89EB5D71AC9EA9A00BDC399 /* CoreGraphics.framework */,
				B89EB5D51AC9EA9300BDC399 /* CoreLocation.framework */,
				B89EB5D31AC9EA8A00BDC399 /* MobileCoreServices.framework */,
				B89EB5D11AC9EA8100BDC399 /* QuartzCore.framework */,
				B89EB5CF1AC9EA7900BDC399 /* Security.framework */,
				B89EB5CD1AC9EA7100BDC399 /* StoreKit.framework */,
				B89EB5CB1AC9EA6900BDC399 /* SystemConfiguration.framework */,
				B89EB5C91AC9EA5B00BDC399 /* libz.dylib */,
				B89EB5C71AC9EA4E00BDC399 /* libsqlite3.dylib */,
				B89EB5C51AC9EA4000BDC399 /* Social.framework */,
				B89EB5C31AC9EA3A00BDC399 /* Accounts.framework */,
				B89EB5701AC9E59300BDC399 /* Bolts.framework */,
				B89EB5711AC9E59300BDC399 /* Parse.framework */,
				B89EB5721AC9E59300BDC399 /* ParseCrashReporting.framework */,
				B89EB5731AC9E59300BDC399 /* ParseFacebookUtils.framework */,
				B89EB5741AC9E59300BDC399 /* ParseUI.framework */,
			);
			path = Frameworks;
			sourceTree = "<group>";
		};
		B89EB5751AC9E59300BDC399 /* images */ = {
			isa = PBXGroup;
			children = (
				B89EB5761AC9E59300BDC399 /* barrels.jpg */,
				B89EB5771AC9E59300BDC399 /* beer-bottle.png */,
				B89EB5781AC9E59300BDC399 /* browse-tab.png */,
				B89EB5791AC9E59300BDC399 /* browse-tab@2x.png */,
				B89EB57A1AC9E59300BDC399 /* glasses.jpg */,
				B89EB57B1AC9E59300BDC399 /* Icon-76.png */,
				B89EB57C1AC9E59300BDC399 /* Icon-76@2x.png */,
				B89EB57D1AC9E59300BDC399 /* icon.png */,
				B89EB57E1AC9E59300BDC399 /* Icon@2x.png */,
				B89EB57F1AC9E59300BDC399 /* my-logo.png */,
				B89EB5801AC9E59300BDC399 /* my-recipes-tab.png */,
				B89EB5811AC9E59300BDC399 /* my-recipes-tab@2x.png */,
				B89EB5821AC9E59300BDC399 /* other-icon.png */,
				B89EB5831AC9E59300BDC399 /* settings-tab.png */,
				B89EB5841AC9E59300BDC399 /* settings-tab@2x.png */,
				B89EB5851AC9E59300BDC399 /* splash-logo.png */,
				B89EB5861AC9E59300BDC399 /* timer-tab.png */,
				B89EB5871AC9E59300BDC399 /* timer-tab@2x.png */,
				B89EB5881AC9E59300BDC399 /* wine-glass.png */,
			);
			path = images;
			sourceTree = "<group>";
		};
		B89EB5A11AC9E59C00BDC399 /* resources */ = {
			isa = PBXGroup;
			children = (
				B89EB5A21AC9E59C00BDC399 /* Calibri Bold.ttf */,
				B89EB5A31AC9E59C00BDC399 /* Calibri.ttf */,
				B89EB5A41AC9E59C00BDC399 /* CooperBlackStd.otf */,
			);
			path = resources;
			sourceTree = "<group>";
		};
/* End PBXGroup section */

/* Begin PBXNativeTarget section */
		B89EB50E1AC9E3FF00BDC399 /* MyBrewLogAlpha */ = {
			isa = PBXNativeTarget;
			buildConfigurationList = B89EB5351AC9E3FF00BDC399 /* Build configuration list for PBXNativeTarget "MyBrewLogAlpha" */;
			buildPhases = (
				B89EB50B1AC9E3FF00BDC399 /* Sources */,
				B89EB50C1AC9E3FF00BDC399 /* Frameworks */,
				B89EB50D1AC9E3FF00BDC399 /* Resources */,
			);
			buildRules = (
			);
			dependencies = (
			);
			name = MyBrewLogAlpha;
			productName = MyBrewLogAlpha;
			productReference = B89EB50F1AC9E3FF00BDC399 /* MyBrewLogAlpha.app */;
			productType = "com.apple.product-type.application";
		};
		B89EB52A1AC9E3FF00BDC399 /* MyBrewLogAlphaTests */ = {
			isa = PBXNativeTarget;
			buildConfigurationList = B89EB5381AC9E3FF00BDC399 /* Build configuration list for PBXNativeTarget "MyBrewLogAlphaTests" */;
			buildPhases = (
				B89EB5271AC9E3FF00BDC399 /* Sources */,
				B89EB5281AC9E3FF00BDC399 /* Frameworks */,
				B89EB5291AC9E3FF00BDC399 /* Resources */,
			);
			buildRules = (
			);
			dependencies = (
				B89EB52D1AC9E3FF00BDC399 /* PBXTargetDependency */,
			);
			name = MyBrewLogAlphaTests;
			productName = MyBrewLogAlphaTests;
			productReference = B89EB52B1AC9E3FF00BDC399 /* MyBrewLogAlphaTests.xctest */;
			productType = "com.apple.product-type.bundle.unit-test";
		};
/* End PBXNativeTarget section */

/* Begin PBXProject section */
		B89EB5071AC9E3FF00BDC399 /* Project object */ = {
			isa = PBXProject;
			attributes = {
				LastUpgradeCheck = 0620;
				ORGANIZATIONNAME = "Elijah Freestone";
				TargetAttributes = {
					B89EB50E1AC9E3FF00BDC399 = {
						CreatedOnToolsVersion = 6.2;
					};
					B89EB52A1AC9E3FF00BDC399 = {
						CreatedOnToolsVersion = 6.2;
						TestTargetID = B89EB50E1AC9E3FF00BDC399;
					};
				};
			};
			buildConfigurationList = B89EB50A1AC9E3FF00BDC399 /* Build configuration list for PBXProject "MyBrewLogAlpha" */;
			compatibilityVersion = "Xcode 3.2";
			developmentRegion = English;
			hasScannedForEncodings = 0;
			knownRegions = (
				en,
				Base,
			);
			mainGroup = B89EB5061AC9E3FF00BDC399;
			productRefGroup = B89EB5101AC9E3FF00BDC399 /* Products */;
			projectDirPath = "";
			projectRoot = "";
			targets = (
				B89EB50E1AC9E3FF00BDC399 /* MyBrewLogAlpha */,
				B89EB52A1AC9E3FF00BDC399 /* MyBrewLogAlphaTests */,
			);
		};
/* End PBXProject section */

/* Begin PBXResourcesBuildPhase section */
		B89EB50D1AC9E3FF00BDC399 /* Resources */ = {
			isa = PBXResourcesBuildPhase;
			buildActionMask = 2147483647;
			files = (
				B89EB5671AC9E54900BDC399 /* README.md in Resources */,
				B89EB55A1AC9E54900BDC399 /* AUTHORS.md in Resources */,
				B89EB55B1AC9E54900BDC399 /* CHANGELOG.md in Resources */,
				B89EB55C1AC9E54900BDC399 /* CONTRIBUTING.md in Resources */,
				B89EB59C1AC9E59300BDC399 /* settings-tab@2x.png in Resources */,
				B89EB59D1AC9E59300BDC399 /* splash-logo.png in Resources */,
				B89EB5991AC9E59300BDC399 /* my-recipes-tab@2x.png in Resources */,
				B89EB59E1AC9E59300BDC399 /* timer-tab.png in Resources */,
				B89EB55D1AC9E54900BDC399 /* LICENSE in Resources */,
				B89EB5211AC9E3FF00BDC399 /* Main.storyboard in Resources */,
				B89EB5971AC9E59300BDC399 /* my-logo.png in Resources */,
				B89EB59B1AC9E59300BDC399 /* settings-tab.png in Resources */,
				B89EB59A1AC9E59300BDC399 /* other-icon.png in Resources */,
				B89EB58E1AC9E59300BDC399 /* barrels.jpg in Resources */,
				B89EB5941AC9E59300BDC399 /* Icon-76@2x.png in Resources */,
				B89EB5961AC9E59300BDC399 /* Icon@2x.png in Resources */,
				B89EB5901AC9E59300BDC399 /* browse-tab.png in Resources */,
				B89EB5911AC9E59300BDC399 /* browse-tab@2x.png in Resources */,
				B89EB5931AC9E59300BDC399 /* Icon-76.png in Resources */,
				B89EB5261AC9E3FF00BDC399 /* LaunchScreen.xib in Resources */,
				B89EB5951AC9E59300BDC399 /* icon.png in Resources */,
				B89EB5A51AC9E59C00BDC399 /* Calibri Bold.ttf in Resources */,
				B89EB5581AC9E54900BDC399 /* .travis.yml in Resources */,
				B89EB59F1AC9E59300BDC399 /* timer-tab@2x.png in Resources */,
				B89EB5591AC9E54900BDC399 /* ActionSheetPicker-3.0.podspec in Resources */,
				B89EB5A71AC9E59C00BDC399 /* CooperBlackStd.otf in Resources */,
				B89EB5231AC9E3FF00BDC399 /* Images.xcassets in Resources */,
				B89EB5921AC9E59300BDC399 /* glasses.jpg in Resources */,
				B89EB5A01AC9E59300BDC399 /* wine-glass.png in Resources */,
				B89EB5981AC9E59300BDC399 /* my-recipes-tab.png in Resources */,
				B89EB5A61AC9E59C00BDC399 /* Calibri.ttf in Resources */,
				B89EB58F1AC9E59300BDC399 /* beer-bottle.png in Resources */,
			);
			runOnlyForDeploymentPostprocessing = 0;
		};
		B89EB5291AC9E3FF00BDC399 /* Resources */ = {
			isa = PBXResourcesBuildPhase;
			buildActionMask = 2147483647;
			files = (
			);
			runOnlyForDeploymentPostprocessing = 0;
		};
/* End PBXResourcesBuildPhase section */

/* Begin PBXSourcesBuildPhase section */
		B89EB50B1AC9E3FF00BDC399 /* Sources */ = {
			isa = PBXSourcesBuildPhase;
			buildActionMask = 2147483647;
			files = (
				B89EB5C01AC9E94400BDC399 /* CustomPFLoginViewController.m in Sources */,
				B89EB5AA1AC9E60400BDC399 /* MyRecipeViewController.m in Sources */,
				B89EB5C21AC9E94400BDC399 /* CustomPickerDelegate.m in Sources */,
				B89EB5B91AC9E90000BDC399 /* NewRecipeViewController.m in Sources */,
				B89EB5621AC9E54900BDC399 /* ActionSheetDistancePicker.m in Sources */,
				B89EB5AD1AC9E64F00BDC399 /* BrowseViewController.m in Sources */,
				B89EB5611AC9E54900BDC399 /* ActionSheetDatePicker.m in Sources */,
				B89EB5B61AC9E7F300BDC399 /* CustomTableViewCell.m in Sources */,
				B89EB5661AC9E54900BDC399 /* SWActionSheet.m in Sources */,
				B89EB5641AC9E54900BDC399 /* ActionSheetStringPicker.m in Sources */,
				B89EB5B21AC9E78900BDC399 /* SettingsViewController.m in Sources */,
				B89EB5B31AC9E78900BDC399 /* TimersViewController.m in Sources */,
				B89EB5181AC9E3FF00BDC399 /* AppDelegate.m in Sources */,
				B89EB5151AC9E3FF00BDC399 /* main.m in Sources */,
				B89EB5631AC9E54900BDC399 /* ActionSheetLocalePicker.m in Sources */,
				B89EB55F1AC9E54900BDC399 /* AbstractActionSheetPicker.m in Sources */,
				B89EB5C11AC9E94400BDC399 /* CustomPFSignUpViewController.m in Sources */,
				B89EB5601AC9E54900BDC399 /* ActionSheetCustomPicker.m in Sources */,
				B89EB5651AC9E54900BDC399 /* DistancePickerView.m in Sources */,
			);
			runOnlyForDeploymentPostprocessing = 0;
		};
		B89EB5271AC9E3FF00BDC399 /* Sources */ = {
			isa = PBXSourcesBuildPhase;
			buildActionMask = 2147483647;
			files = (
				B89EB5321AC9E3FF00BDC399 /* MyBrewLogAlphaTests.m in Sources */,
			);
			runOnlyForDeploymentPostprocessing = 0;
		};
/* End PBXSourcesBuildPhase section */

/* Begin PBXTargetDependency section */
		B89EB52D1AC9E3FF00BDC399 /* PBXTargetDependency */ = {
			isa = PBXTargetDependency;
			target = B89EB50E1AC9E3FF00BDC399 /* MyBrewLogAlpha */;
			targetProxy = B89EB52C1AC9E3FF00BDC399 /* PBXContainerItemProxy */;
		};
/* End PBXTargetDependency section */

/* Begin PBXVariantGroup section */
		B89EB51F1AC9E3FF00BDC399 /* Main.storyboard */ = {
			isa = PBXVariantGroup;
			children = (
				B89EB5201AC9E3FF00BDC399 /* Base */,
			);
			name = Main.storyboard;
			sourceTree = "<group>";
		};
		B89EB5241AC9E3FF00BDC399 /* LaunchScreen.xib */ = {
			isa = PBXVariantGroup;
			children = (
				B89EB5251AC9E3FF00BDC399 /* Base */,
			);
			name = LaunchScreen.xib;
			sourceTree = "<group>";
		};
/* End PBXVariantGroup section */

/* Begin XCBuildConfiguration section */
		B89EB5331AC9E3FF00BDC399 /* Debug */ = {
			isa = XCBuildConfiguration;
			buildSettings = {
				ALWAYS_SEARCH_USER_PATHS = NO;
				CLANG_CXX_LANGUAGE_STANDARD = "gnu++0x";
				CLANG_CXX_LIBRARY = "libc++";
				CLANG_ENABLE_MODULES = YES;
				CLANG_ENABLE_OBJC_ARC = YES;
				CLANG_WARN_BOOL_CONVERSION = YES;
				CLANG_WARN_CONSTANT_CONVERSION = YES;
				CLANG_WARN_DIRECT_OBJC_ISA_USAGE = YES_ERROR;
				CLANG_WARN_EMPTY_BODY = YES;
				CLANG_WARN_ENUM_CONVERSION = YES;
				CLANG_WARN_INT_CONVERSION = YES;
				CLANG_WARN_OBJC_ROOT_CLASS = YES_ERROR;
				CLANG_WARN_UNREACHABLE_CODE = YES;
				CLANG_WARN__DUPLICATE_METHOD_MATCH = YES;
				"CODE_SIGN_IDENTITY[sdk=iphoneos*]" = "iPhone Developer";
				COPY_PHASE_STRIP = NO;
				ENABLE_STRICT_OBJC_MSGSEND = YES;
				GCC_C_LANGUAGE_STANDARD = gnu99;
				GCC_DYNAMIC_NO_PIC = NO;
				GCC_OPTIMIZATION_LEVEL = 0;
				GCC_PREPROCESSOR_DEFINITIONS = (
					"DEBUG=1",
					"$(inherited)",
				);
				GCC_SYMBOLS_PRIVATE_EXTERN = NO;
				GCC_WARN_64_TO_32_BIT_CONVERSION = YES;
				GCC_WARN_ABOUT_RETURN_TYPE = YES_ERROR;
				GCC_WARN_UNDECLARED_SELECTOR = YES;
				GCC_WARN_UNINITIALIZED_AUTOS = YES_AGGRESSIVE;
				GCC_WARN_UNUSED_FUNCTION = YES;
				GCC_WARN_UNUSED_VARIABLE = YES;
				IPHONEOS_DEPLOYMENT_TARGET = 8.2;
				MTL_ENABLE_DEBUG_INFO = YES;
				ONLY_ACTIVE_ARCH = YES;
				SDKROOT = iphoneos;
				TARGETED_DEVICE_FAMILY = "1,2";
			};
			name = Debug;
		};
		B89EB5341AC9E3FF00BDC399 /* Release */ = {
			isa = XCBuildConfiguration;
			buildSettings = {
				ALWAYS_SEARCH_USER_PATHS = NO;
				CLANG_CXX_LANGUAGE_STANDARD = "gnu++0x";
				CLANG_CXX_LIBRARY = "libc++";
				CLANG_ENABLE_MODULES = YES;
				CLANG_ENABLE_OBJC_ARC = YES;
				CLANG_WARN_BOOL_CONVERSION = YES;
				CLANG_WARN_CONSTANT_CONVERSION = YES;
				CLANG_WARN_DIRECT_OBJC_ISA_USAGE = YES_ERROR;
				CLANG_WARN_EMPTY_BODY = YES;
				CLANG_WARN_ENUM_CONVERSION = YES;
				CLANG_WARN_INT_CONVERSION = YES;
				CLANG_WARN_OBJC_ROOT_CLASS = YES_ERROR;
				CLANG_WARN_UNREACHABLE_CODE = YES;
				CLANG_WARN__DUPLICATE_METHOD_MATCH = YES;
				"CODE_SIGN_IDENTITY[sdk=iphoneos*]" = "iPhone Developer";
				COPY_PHASE_STRIP = NO;
				ENABLE_NS_ASSERTIONS = NO;
				ENABLE_STRICT_OBJC_MSGSEND = YES;
				GCC_C_LANGUAGE_STANDARD = gnu99;
				GCC_WARN_64_TO_32_BIT_CONVERSION = YES;
				GCC_WARN_ABOUT_RETURN_TYPE = YES_ERROR;
				GCC_WARN_UNDECLARED_SELECTOR = YES;
				GCC_WARN_UNINITIALIZED_AUTOS = YES_AGGRESSIVE;
				GCC_WARN_UNUSED_FUNCTION = YES;
				GCC_WARN_UNUSED_VARIABLE = YES;
				IPHONEOS_DEPLOYMENT_TARGET = 8.2;
				MTL_ENABLE_DEBUG_INFO = NO;
				SDKROOT = iphoneos;
				TARGETED_DEVICE_FAMILY = "1,2";
				VALIDATE_PRODUCT = YES;
			};
			name = Release;
		};
		B89EB5361AC9E3FF00BDC399 /* Debug */ = {
			isa = XCBuildConfiguration;
			buildSettings = {
				ASSETCATALOG_COMPILER_APPICON_NAME = AppIcon;
				FRAMEWORK_SEARCH_PATHS = (
					"$(inherited)",
					"$(PROJECT_DIR)/MyBrewLogAlpha/ActionSheetPicker-3.0-master/ObjC-Example",
					"$(PROJECT_DIR)/MyBrewLogAlpha/Frameworks",
				);
				INFOPLIST_FILE = MyBrewLogAlpha/Info.plist;
				LD_RUNPATH_SEARCH_PATHS = "$(inherited) @executable_path/Frameworks";
				PRODUCT_NAME = "$(TARGET_NAME)";
			};
			name = Debug;
		};
		B89EB5371AC9E3FF00BDC399 /* Release */ = {
			isa = XCBuildConfiguration;
			buildSettings = {
				ASSETCATALOG_COMPILER_APPICON_NAME = AppIcon;
				FRAMEWORK_SEARCH_PATHS = (
					"$(inherited)",
					"$(PROJECT_DIR)/MyBrewLogAlpha/ActionSheetPicker-3.0-master/ObjC-Example",
					"$(PROJECT_DIR)/MyBrewLogAlpha/Frameworks",
				);
				INFOPLIST_FILE = MyBrewLogAlpha/Info.plist;
				LD_RUNPATH_SEARCH_PATHS = "$(inherited) @executable_path/Frameworks";
				PRODUCT_NAME = "$(TARGET_NAME)";
			};
			name = Release;
		};
		B89EB5391AC9E3FF00BDC399 /* Debug */ = {
			isa = XCBuildConfiguration;
			buildSettings = {
				BUNDLE_LOADER = "$(TEST_HOST)";
				FRAMEWORK_SEARCH_PATHS = (
					"$(SDKROOT)/Developer/Library/Frameworks",
					"$(inherited)",
				);
				GCC_PREPROCESSOR_DEFINITIONS = (
					"DEBUG=1",
					"$(inherited)",
				);
				INFOPLIST_FILE = MyBrewLogAlphaTests/Info.plist;
				LD_RUNPATH_SEARCH_PATHS = "$(inherited) @executable_path/Frameworks @loader_path/Frameworks";
				PRODUCT_NAME = "$(TARGET_NAME)";
				TEST_HOST = "$(BUILT_PRODUCTS_DIR)/MyBrewLogAlpha.app/MyBrewLogAlpha";
			};
			name = Debug;
		};
		B89EB53A1AC9E3FF00BDC399 /* Release */ = {
			isa = XCBuildConfiguration;
			buildSettings = {
				BUNDLE_LOADER = "$(TEST_HOST)";
				FRAMEWORK_SEARCH_PATHS = (
					"$(SDKROOT)/Developer/Library/Frameworks",
					"$(inherited)",
				);
				INFOPLIST_FILE = MyBrewLogAlphaTests/Info.plist;
				LD_RUNPATH_SEARCH_PATHS = "$(inherited) @executable_path/Frameworks @loader_path/Frameworks";
				PRODUCT_NAME = "$(TARGET_NAME)";
				TEST_HOST = "$(BUILT_PRODUCTS_DIR)/MyBrewLogAlpha.app/MyBrewLogAlpha";
			};
			name = Release;
		};
/* End XCBuildConfiguration section */

/* Begin XCConfigurationList section */
		B89EB50A1AC9E3FF00BDC399 /* Build configuration list for PBXProject "MyBrewLogAlpha" */ = {
			isa = XCConfigurationList;
			buildConfigurations = (
				B89EB5331AC9E3FF00BDC399 /* Debug */,
				B89EB5341AC9E3FF00BDC399 /* Release */,
			);
			defaultConfigurationIsVisible = 0;
			defaultConfigurationName = Release;
		};
		B89EB5351AC9E3FF00BDC399 /* Build configuration list for PBXNativeTarget "MyBrewLogAlpha" */ = {
			isa = XCConfigurationList;
			buildConfigurations = (
				B89EB5361AC9E3FF00BDC399 /* Debug */,
				B89EB5371AC9E3FF00BDC399 /* Release */,
			);
			defaultConfigurationIsVisible = 0;
		};
		B89EB5381AC9E3FF00BDC399 /* Build configuration list for PBXNativeTarget "MyBrewLogAlphaTests" */ = {
			isa = XCConfigurationList;
			buildConfigurations = (
				B89EB5391AC9E3FF00BDC399 /* Debug */,
				B89EB53A1AC9E3FF00BDC399 /* Release */,
			);
			defaultConfigurationIsVisible = 0;
		};
/* End XCConfigurationList section */
	};
	rootObject = B89EB5071AC9E3FF00BDC399 /* Project object */;
}
