// !$*UTF8*$!
{
	archiveVersion = 1;
	classes = {
	};
	objectVersion = 46;
	objects = {

/* Begin PBXBuildFile section */
		B81DCCC11ABA08DE0080E2B1 /* main.m in Sources */ = {isa = PBXBuildFile; fileRef = B81DCCC01ABA08DE0080E2B1 /* main.m */; };
		B81DCCC41ABA08DE0080E2B1 /* AppDelegate.m in Sources */ = {isa = PBXBuildFile; fileRef = B81DCCC31ABA08DE0080E2B1 /* AppDelegate.m */; };
		B81DCCC71ABA08DE0080E2B1 /* FirstViewController.m in Sources */ = {isa = PBXBuildFile; fileRef = B81DCCC61ABA08DE0080E2B1 /* FirstViewController.m */; };
		B81DCCCA1ABA08DE0080E2B1 /* SecondViewController.m in Sources */ = {isa = PBXBuildFile; fileRef = B81DCCC91ABA08DE0080E2B1 /* SecondViewController.m */; };
		B81DCCCD1ABA08DE0080E2B1 /* Main.storyboard in Resources */ = {isa = PBXBuildFile; fileRef = B81DCCCB1ABA08DE0080E2B1 /* Main.storyboard */; };
		B81DCCCF1ABA08DE0080E2B1 /* Images.xcassets in Resources */ = {isa = PBXBuildFile; fileRef = B81DCCCE1ABA08DE0080E2B1 /* Images.xcassets */; };
		B81DCCD21ABA08DE0080E2B1 /* LaunchScreen.xib in Resources */ = {isa = PBXBuildFile; fileRef = B81DCCD01ABA08DE0080E2B1 /* LaunchScreen.xib */; };
		B81DCCDE1ABA08DF0080E2B1 /* My_Brew_Log_V1Tests.m in Sources */ = {isa = PBXBuildFile; fileRef = B81DCCDD1ABA08DF0080E2B1 /* My_Brew_Log_V1Tests.m */; };
		B81DCCED1ABA0B2F0080E2B1 /* Bolts.framework in Frameworks */ = {isa = PBXBuildFile; fileRef = B81DCCE81ABA0B2F0080E2B1 /* Bolts.framework */; };
		B81DCCEE1ABA0B2F0080E2B1 /* Parse.framework in Frameworks */ = {isa = PBXBuildFile; fileRef = B81DCCE91ABA0B2F0080E2B1 /* Parse.framework */; };
		B81DCCEF1ABA0B2F0080E2B1 /* ParseCrashReporting.framework in Frameworks */ = {isa = PBXBuildFile; fileRef = B81DCCEA1ABA0B2F0080E2B1 /* ParseCrashReporting.framework */; };
		B81DCCF01ABA0B2F0080E2B1 /* ParseFacebookUtils.framework in Frameworks */ = {isa = PBXBuildFile; fileRef = B81DCCEB1ABA0B2F0080E2B1 /* ParseFacebookUtils.framework */; };
		B81DCCF11ABA0B2F0080E2B1 /* ParseUI.framework in Frameworks */ = {isa = PBXBuildFile; fileRef = B81DCCEC1ABA0B2F0080E2B1 /* ParseUI.framework */; };
		B81DCCF31ABA0B8D0080E2B1 /* AudioToolbox.framework in Frameworks */ = {isa = PBXBuildFile; fileRef = B81DCCF21ABA0B8D0080E2B1 /* AudioToolbox.framework */; };
		B81DCCF51ABA0C0F0080E2B1 /* CFNetwork.framework in Frameworks */ = {isa = PBXBuildFile; fileRef = B81DCCF41ABA0C0F0080E2B1 /* CFNetwork.framework */; };
		B81DCCF71ABA0C190080E2B1 /* CoreGraphics.framework in Frameworks */ = {isa = PBXBuildFile; fileRef = B81DCCF61ABA0C190080E2B1 /* CoreGraphics.framework */; };
		B81DCCF91ABA0C220080E2B1 /* CoreLocation.framework in Frameworks */ = {isa = PBXBuildFile; fileRef = B81DCCF81ABA0C220080E2B1 /* CoreLocation.framework */; };
		B81DCCFB1ABA0C2F0080E2B1 /* MobileCoreServices.framework in Frameworks */ = {isa = PBXBuildFile; fileRef = B81DCCFA1ABA0C2F0080E2B1 /* MobileCoreServices.framework */; };
		B81DCCFD1ABA0C390080E2B1 /* QuartzCore.framework in Frameworks */ = {isa = PBXBuildFile; fileRef = B81DCCFC1ABA0C390080E2B1 /* QuartzCore.framework */; };
		B81DCCFF1ABA0C430080E2B1 /* Security.framework in Frameworks */ = {isa = PBXBuildFile; fileRef = B81DCCFE1ABA0C430080E2B1 /* Security.framework */; };
		B81DCD011ABA0C4B0080E2B1 /* StoreKit.framework in Frameworks */ = {isa = PBXBuildFile; fileRef = B81DCD001ABA0C4B0080E2B1 /* StoreKit.framework */; };
		B81DCD031ABA0C590080E2B1 /* SystemConfiguration.framework in Frameworks */ = {isa = PBXBuildFile; fileRef = B81DCD021ABA0C590080E2B1 /* SystemConfiguration.framework */; };
		B81DCD051ABA0C650080E2B1 /* libz.dylib in Frameworks */ = {isa = PBXBuildFile; fileRef = B81DCD041ABA0C650080E2B1 /* libz.dylib */; };
		B81DCD071ABA0C740080E2B1 /* libsqlite3.dylib in Frameworks */ = {isa = PBXBuildFile; fileRef = B81DCD061ABA0C740080E2B1 /* libsqlite3.dylib */; };
/* End PBXBuildFile section */

/* Begin PBXContainerItemProxy section */
		B81DCCD81ABA08DF0080E2B1 /* PBXContainerItemProxy */ = {
			isa = PBXContainerItemProxy;
			containerPortal = B81DCCB31ABA08DE0080E2B1 /* Project object */;
			proxyType = 1;
			remoteGlobalIDString = B81DCCBA1ABA08DE0080E2B1;
			remoteInfo = "My Brew Log V1";
		};
/* End PBXContainerItemProxy section */

/* Begin PBXFileReference section */
		B81DCCBB1ABA08DE0080E2B1 /* My Brew Log V1.app */ = {isa = PBXFileReference; explicitFileType = wrapper.application; includeInIndex = 0; path = "My Brew Log V1.app"; sourceTree = BUILT_PRODUCTS_DIR; };
		B81DCCBF1ABA08DE0080E2B1 /* Info.plist */ = {isa = PBXFileReference; lastKnownFileType = text.plist.xml; path = Info.plist; sourceTree = "<group>"; };
		B81DCCC01ABA08DE0080E2B1 /* main.m */ = {isa = PBXFileReference; lastKnownFileType = sourcecode.c.objc; path = main.m; sourceTree = "<group>"; };
		B81DCCC21ABA08DE0080E2B1 /* AppDelegate.h */ = {isa = PBXFileReference; lastKnownFileType = sourcecode.c.h; path = AppDelegate.h; sourceTree = "<group>"; };
		B81DCCC31ABA08DE0080E2B1 /* AppDelegate.m */ = {isa = PBXFileReference; lastKnownFileType = sourcecode.c.objc; path = AppDelegate.m; sourceTree = "<group>"; };
		B81DCCC51ABA08DE0080E2B1 /* FirstViewController.h */ = {isa = PBXFileReference; lastKnownFileType = sourcecode.c.h; path = FirstViewController.h; sourceTree = "<group>"; };
		B81DCCC61ABA08DE0080E2B1 /* FirstViewController.m */ = {isa = PBXFileReference; lastKnownFileType = sourcecode.c.objc; path = FirstViewController.m; sourceTree = "<group>"; };
		B81DCCC81ABA08DE0080E2B1 /* SecondViewController.h */ = {isa = PBXFileReference; lastKnownFileType = sourcecode.c.h; path = SecondViewController.h; sourceTree = "<group>"; };
		B81DCCC91ABA08DE0080E2B1 /* SecondViewController.m */ = {isa = PBXFileReference; lastKnownFileType = sourcecode.c.objc; path = SecondViewController.m; sourceTree = "<group>"; };
		B81DCCCC1ABA08DE0080E2B1 /* Base */ = {isa = PBXFileReference; lastKnownFileType = file.storyboard; name = Base; path = Base.lproj/Main.storyboard; sourceTree = "<group>"; };
		B81DCCCE1ABA08DE0080E2B1 /* Images.xcassets */ = {isa = PBXFileReference; lastKnownFileType = folder.assetcatalog; path = Images.xcassets; sourceTree = "<group>"; };
		B81DCCD11ABA08DE0080E2B1 /* Base */ = {isa = PBXFileReference; lastKnownFileType = file.xib; name = Base; path = Base.lproj/LaunchScreen.xib; sourceTree = "<group>"; };
		B81DCCD71ABA08DF0080E2B1 /* My Brew Log V1Tests.xctest */ = {isa = PBXFileReference; explicitFileType = wrapper.cfbundle; includeInIndex = 0; path = "My Brew Log V1Tests.xctest"; sourceTree = BUILT_PRODUCTS_DIR; };
		B81DCCDC1ABA08DF0080E2B1 /* Info.plist */ = {isa = PBXFileReference; lastKnownFileType = text.plist.xml; path = Info.plist; sourceTree = "<group>"; };
		B81DCCDD1ABA08DF0080E2B1 /* My_Brew_Log_V1Tests.m */ = {isa = PBXFileReference; lastKnownFileType = sourcecode.c.objc; path = My_Brew_Log_V1Tests.m; sourceTree = "<group>"; };
		B81DCCE81ABA0B2F0080E2B1 /* Bolts.framework */ = {isa = PBXFileReference; lastKnownFileType = wrapper.framework; path = Bolts.framework; sourceTree = "<group>"; };
		B81DCCE91ABA0B2F0080E2B1 /* Parse.framework */ = {isa = PBXFileReference; lastKnownFileType = wrapper.framework; path = Parse.framework; sourceTree = "<group>"; };
		B81DCCEA1ABA0B2F0080E2B1 /* ParseCrashReporting.framework */ = {isa = PBXFileReference; lastKnownFileType = wrapper.framework; path = ParseCrashReporting.framework; sourceTree = "<group>"; };
		B81DCCEB1ABA0B2F0080E2B1 /* ParseFacebookUtils.framework */ = {isa = PBXFileReference; lastKnownFileType = wrapper.framework; path = ParseFacebookUtils.framework; sourceTree = "<group>"; };
		B81DCCEC1ABA0B2F0080E2B1 /* ParseUI.framework */ = {isa = PBXFileReference; lastKnownFileType = wrapper.framework; path = ParseUI.framework; sourceTree = "<group>"; };
		B81DCCF21ABA0B8D0080E2B1 /* AudioToolbox.framework */ = {isa = PBXFileReference; lastKnownFileType = wrapper.framework; name = AudioToolbox.framework; path = System/Library/Frameworks/AudioToolbox.framework; sourceTree = SDKROOT; };
		B81DCCF41ABA0C0F0080E2B1 /* CFNetwork.framework */ = {isa = PBXFileReference; lastKnownFileType = wrapper.framework; name = CFNetwork.framework; path = System/Library/Frameworks/CFNetwork.framework; sourceTree = SDKROOT; };
		B81DCCF61ABA0C190080E2B1 /* CoreGraphics.framework */ = {isa = PBXFileReference; lastKnownFileType = wrapper.framework; name = CoreGraphics.framework; path = System/Library/Frameworks/CoreGraphics.framework; sourceTree = SDKROOT; };
		B81DCCF81ABA0C220080E2B1 /* CoreLocation.framework */ = {isa = PBXFileReference; lastKnownFileType = wrapper.framework; name = CoreLocation.framework; path = System/Library/Frameworks/CoreLocation.framework; sourceTree = SDKROOT; };
		B81DCCFA1ABA0C2F0080E2B1 /* MobileCoreServices.framework */ = {isa = PBXFileReference; lastKnownFileType = wrapper.framework; name = MobileCoreServices.framework; path = System/Library/Frameworks/MobileCoreServices.framework; sourceTree = SDKROOT; };
		B81DCCFC1ABA0C390080E2B1 /* QuartzCore.framework */ = {isa = PBXFileReference; lastKnownFileType = wrapper.framework; name = QuartzCore.framework; path = System/Library/Frameworks/QuartzCore.framework; sourceTree = SDKROOT; };
		B81DCCFE1ABA0C430080E2B1 /* Security.framework */ = {isa = PBXFileReference; lastKnownFileType = wrapper.framework; name = Security.framework; path = System/Library/Frameworks/Security.framework; sourceTree = SDKROOT; };
		B81DCD001ABA0C4B0080E2B1 /* StoreKit.framework */ = {isa = PBXFileReference; lastKnownFileType = wrapper.framework; name = StoreKit.framework; path = System/Library/Frameworks/StoreKit.framework; sourceTree = SDKROOT; };
		B81DCD021ABA0C590080E2B1 /* SystemConfiguration.framework */ = {isa = PBXFileReference; lastKnownFileType = wrapper.framework; name = SystemConfiguration.framework; path = System/Library/Frameworks/SystemConfiguration.framework; sourceTree = SDKROOT; };
		B81DCD041ABA0C650080E2B1 /* libz.dylib */ = {isa = PBXFileReference; lastKnownFileType = "compiled.mach-o.dylib"; name = libz.dylib; path = usr/lib/libz.dylib; sourceTree = SDKROOT; };
		B81DCD061ABA0C740080E2B1 /* libsqlite3.dylib */ = {isa = PBXFileReference; lastKnownFileType = "compiled.mach-o.dylib"; name = libsqlite3.dylib; path = usr/lib/libsqlite3.dylib; sourceTree = SDKROOT; };
/* End PBXFileReference section */

/* Begin PBXFrameworksBuildPhase section */
		B81DCCB81ABA08DE0080E2B1 /* Frameworks */ = {
			isa = PBXFrameworksBuildPhase;
			buildActionMask = 2147483647;
			files = (
				B81DCD071ABA0C740080E2B1 /* libsqlite3.dylib in Frameworks */,
				B81DCD051ABA0C650080E2B1 /* libz.dylib in Frameworks */,
				B81DCD031ABA0C590080E2B1 /* SystemConfiguration.framework in Frameworks */,
				B81DCD011ABA0C4B0080E2B1 /* StoreKit.framework in Frameworks */,
				B81DCCFF1ABA0C430080E2B1 /* Security.framework in Frameworks */,
				B81DCCFD1ABA0C390080E2B1 /* QuartzCore.framework in Frameworks */,
				B81DCCFB1ABA0C2F0080E2B1 /* MobileCoreServices.framework in Frameworks */,
				B81DCCF91ABA0C220080E2B1 /* CoreLocation.framework in Frameworks */,
				B81DCCF71ABA0C190080E2B1 /* CoreGraphics.framework in Frameworks */,
				B81DCCF51ABA0C0F0080E2B1 /* CFNetwork.framework in Frameworks */,
				B81DCCF31ABA0B8D0080E2B1 /* AudioToolbox.framework in Frameworks */,
				B81DCCEE1ABA0B2F0080E2B1 /* Parse.framework in Frameworks */,
				B81DCCEF1ABA0B2F0080E2B1 /* ParseCrashReporting.framework in Frameworks */,
				B81DCCF11ABA0B2F0080E2B1 /* ParseUI.framework in Frameworks */,
				B81DCCF01ABA0B2F0080E2B1 /* ParseFacebookUtils.framework in Frameworks */,
				B81DCCED1ABA0B2F0080E2B1 /* Bolts.framework in Frameworks */,
			);
			runOnlyForDeploymentPostprocessing = 0;
		};
		B81DCCD41ABA08DF0080E2B1 /* Frameworks */ = {
			isa = PBXFrameworksBuildPhase;
			buildActionMask = 2147483647;
			files = (
			);
			runOnlyForDeploymentPostprocessing = 0;
		};
/* End PBXFrameworksBuildPhase section */

/* Begin PBXGroup section */
		B81DCCB21ABA08DE0080E2B1 = {
			isa = PBXGroup;
			children = (
				B81DCCBD1ABA08DE0080E2B1 /* My Brew Log V1 */,
				B81DCCDA1ABA08DF0080E2B1 /* My Brew Log V1Tests */,
				B81DCCBC1ABA08DE0080E2B1 /* Products */,
			);
			sourceTree = "<group>";
		};
		B81DCCBC1ABA08DE0080E2B1 /* Products */ = {
			isa = PBXGroup;
			children = (
				B81DCCBB1ABA08DE0080E2B1 /* My Brew Log V1.app */,
				B81DCCD71ABA08DF0080E2B1 /* My Brew Log V1Tests.xctest */,
			);
			name = Products;
			sourceTree = "<group>";
		};
		B81DCCBD1ABA08DE0080E2B1 /* My Brew Log V1 */ = {
			isa = PBXGroup;
			children = (
				B81DCCE71ABA0B2F0080E2B1 /* Frameworks */,
				B81DCCC21ABA08DE0080E2B1 /* AppDelegate.h */,
				B81DCCC31ABA08DE0080E2B1 /* AppDelegate.m */,
				B81DCCC51ABA08DE0080E2B1 /* FirstViewController.h */,
				B81DCCC61ABA08DE0080E2B1 /* FirstViewController.m */,
				B81DCCC81ABA08DE0080E2B1 /* SecondViewController.h */,
				B81DCCC91ABA08DE0080E2B1 /* SecondViewController.m */,
				B81DCCCB1ABA08DE0080E2B1 /* Main.storyboard */,
				B81DCCCE1ABA08DE0080E2B1 /* Images.xcassets */,
				B81DCCD01ABA08DE0080E2B1 /* LaunchScreen.xib */,
				B81DCCBE1ABA08DE0080E2B1 /* Supporting Files */,
			);
			path = "My Brew Log V1";
			sourceTree = "<group>";
		};
		B81DCCBE1ABA08DE0080E2B1 /* Supporting Files */ = {
			isa = PBXGroup;
			children = (
				B81DCCBF1ABA08DE0080E2B1 /* Info.plist */,
				B81DCCC01ABA08DE0080E2B1 /* main.m */,
			);
			name = "Supporting Files";
			sourceTree = "<group>";
		};
		B81DCCDA1ABA08DF0080E2B1 /* My Brew Log V1Tests */ = {
			isa = PBXGroup;
			children = (
				B81DCCDD1ABA08DF0080E2B1 /* My_Brew_Log_V1Tests.m */,
				B81DCCDB1ABA08DF0080E2B1 /* Supporting Files */,
			);
			path = "My Brew Log V1Tests";
			sourceTree = "<group>";
		};
		B81DCCDB1ABA08DF0080E2B1 /* Supporting Files */ = {
			isa = PBXGroup;
			children = (
				B81DCCDC1ABA08DF0080E2B1 /* Info.plist */,
			);
			name = "Supporting Files";
			sourceTree = "<group>";
		};
		B81DCCE71ABA0B2F0080E2B1 /* Frameworks */ = {
			isa = PBXGroup;
			children = (
				B81DCD061ABA0C740080E2B1 /* libsqlite3.dylib */,
				B81DCD041ABA0C650080E2B1 /* libz.dylib */,
				B81DCD021ABA0C590080E2B1 /* SystemConfiguration.framework */,
				B81DCD001ABA0C4B0080E2B1 /* StoreKit.framework */,
				B81DCCFE1ABA0C430080E2B1 /* Security.framework */,
				B81DCCFC1ABA0C390080E2B1 /* QuartzCore.framework */,
				B81DCCFA1ABA0C2F0080E2B1 /* MobileCoreServices.framework */,
				B81DCCF81ABA0C220080E2B1 /* CoreLocation.framework */,
				B81DCCF61ABA0C190080E2B1 /* CoreGraphics.framework */,
				B81DCCF41ABA0C0F0080E2B1 /* CFNetwork.framework */,
				B81DCCF21ABA0B8D0080E2B1 /* AudioToolbox.framework */,
				B81DCCE81ABA0B2F0080E2B1 /* Bolts.framework */,
				B81DCCE91ABA0B2F0080E2B1 /* Parse.framework */,
				B81DCCEA1ABA0B2F0080E2B1 /* ParseCrashReporting.framework */,
				B81DCCEB1ABA0B2F0080E2B1 /* ParseFacebookUtils.framework */,
				B81DCCEC1ABA0B2F0080E2B1 /* ParseUI.framework */,
			);
			path = Frameworks;
			sourceTree = "<group>";
		};
/* End PBXGroup section */

/* Begin PBXNativeTarget section */
		B81DCCBA1ABA08DE0080E2B1 /* My Brew Log V1 */ = {
			isa = PBXNativeTarget;
			buildConfigurationList = B81DCCE11ABA08DF0080E2B1 /* Build configuration list for PBXNativeTarget "My Brew Log V1" */;
			buildPhases = (
				B81DCCB71ABA08DE0080E2B1 /* Sources */,
				B81DCCB81ABA08DE0080E2B1 /* Frameworks */,
				B81DCCB91ABA08DE0080E2B1 /* Resources */,
			);
			buildRules = (
			);
			dependencies = (
			);
			name = "My Brew Log V1";
			productName = "My Brew Log V1";
			productReference = B81DCCBB1ABA08DE0080E2B1 /* My Brew Log V1.app */;
			productType = "com.apple.product-type.application";
		};
		B81DCCD61ABA08DF0080E2B1 /* My Brew Log V1Tests */ = {
			isa = PBXNativeTarget;
			buildConfigurationList = B81DCCE41ABA08DF0080E2B1 /* Build configuration list for PBXNativeTarget "My Brew Log V1Tests" */;
			buildPhases = (
				B81DCCD31ABA08DF0080E2B1 /* Sources */,
				B81DCCD41ABA08DF0080E2B1 /* Frameworks */,
				B81DCCD51ABA08DF0080E2B1 /* Resources */,
			);
			buildRules = (
			);
			dependencies = (
				B81DCCD91ABA08DF0080E2B1 /* PBXTargetDependency */,
			);
			name = "My Brew Log V1Tests";
			productName = "My Brew Log V1Tests";
			productReference = B81DCCD71ABA08DF0080E2B1 /* My Brew Log V1Tests.xctest */;
			productType = "com.apple.product-type.bundle.unit-test";
		};
/* End PBXNativeTarget section */

/* Begin PBXProject section */
		B81DCCB31ABA08DE0080E2B1 /* Project object */ = {
			isa = PBXProject;
			attributes = {
				LastUpgradeCheck = 0620;
				ORGANIZATIONNAME = "Elijah Freestone";
				TargetAttributes = {
					B81DCCBA1ABA08DE0080E2B1 = {
						CreatedOnToolsVersion = 6.2;
					};
					B81DCCD61ABA08DF0080E2B1 = {
						CreatedOnToolsVersion = 6.2;
						TestTargetID = B81DCCBA1ABA08DE0080E2B1;
					};
				};
			};
			buildConfigurationList = B81DCCB61ABA08DE0080E2B1 /* Build configuration list for PBXProject "My Brew Log V1" */;
			compatibilityVersion = "Xcode 3.2";
			developmentRegion = English;
			hasScannedForEncodings = 0;
			knownRegions = (
				en,
				Base,
			);
			mainGroup = B81DCCB21ABA08DE0080E2B1;
			productRefGroup = B81DCCBC1ABA08DE0080E2B1 /* Products */;
			projectDirPath = "";
			projectRoot = "";
			targets = (
				B81DCCBA1ABA08DE0080E2B1 /* My Brew Log V1 */,
				B81DCCD61ABA08DF0080E2B1 /* My Brew Log V1Tests */,
			);
		};
/* End PBXProject section */

/* Begin PBXResourcesBuildPhase section */
		B81DCCB91ABA08DE0080E2B1 /* Resources */ = {
			isa = PBXResourcesBuildPhase;
			buildActionMask = 2147483647;
			files = (
				B81DCCCD1ABA08DE0080E2B1 /* Main.storyboard in Resources */,
				B81DCCD21ABA08DE0080E2B1 /* LaunchScreen.xib in Resources */,
				B81DCCCF1ABA08DE0080E2B1 /* Images.xcassets in Resources */,
			);
			runOnlyForDeploymentPostprocessing = 0;
		};
		B81DCCD51ABA08DF0080E2B1 /* Resources */ = {
			isa = PBXResourcesBuildPhase;
			buildActionMask = 2147483647;
			files = (
			);
			runOnlyForDeploymentPostprocessing = 0;
		};
/* End PBXResourcesBuildPhase section */

/* Begin PBXSourcesBuildPhase section */
		B81DCCB71ABA08DE0080E2B1 /* Sources */ = {
			isa = PBXSourcesBuildPhase;
			buildActionMask = 2147483647;
			files = (
				B81DCCCA1ABA08DE0080E2B1 /* SecondViewController.m in Sources */,
				B81DCCC41ABA08DE0080E2B1 /* AppDelegate.m in Sources */,
				B81DCCC71ABA08DE0080E2B1 /* FirstViewController.m in Sources */,
				B81DCCC11ABA08DE0080E2B1 /* main.m in Sources */,
			);
			runOnlyForDeploymentPostprocessing = 0;
		};
		B81DCCD31ABA08DF0080E2B1 /* Sources */ = {
			isa = PBXSourcesBuildPhase;
			buildActionMask = 2147483647;
			files = (
				B81DCCDE1ABA08DF0080E2B1 /* My_Brew_Log_V1Tests.m in Sources */,
			);
			runOnlyForDeploymentPostprocessing = 0;
		};
/* End PBXSourcesBuildPhase section */

/* Begin PBXTargetDependency section */
		B81DCCD91ABA08DF0080E2B1 /* PBXTargetDependency */ = {
			isa = PBXTargetDependency;
			target = B81DCCBA1ABA08DE0080E2B1 /* My Brew Log V1 */;
			targetProxy = B81DCCD81ABA08DF0080E2B1 /* PBXContainerItemProxy */;
		};
/* End PBXTargetDependency section */

/* Begin PBXVariantGroup section */
		B81DCCCB1ABA08DE0080E2B1 /* Main.storyboard */ = {
			isa = PBXVariantGroup;
			children = (
				B81DCCCC1ABA08DE0080E2B1 /* Base */,
			);
			name = Main.storyboard;
			sourceTree = "<group>";
		};
		B81DCCD01ABA08DE0080E2B1 /* LaunchScreen.xib */ = {
			isa = PBXVariantGroup;
			children = (
				B81DCCD11ABA08DE0080E2B1 /* Base */,
			);
			name = LaunchScreen.xib;
			sourceTree = "<group>";
		};
/* End PBXVariantGroup section */

/* Begin XCBuildConfiguration section */
		B81DCCDF1ABA08DF0080E2B1 /* Debug */ = {
			isa = XCBuildConfiguration;
			buildSettings = {
				ALWAYS_SEARCH_USER_PATHS = NO;
				CLANG_CXX_LANGUAGE_STANDARD = "gnu++0x";
				CLANG_CXX_LIBRARY = "libc++";
				CLANG_ENABLE_MODULES = YES;
				CLANG_ENABLE_OBJC_ARC = YES;
				CLANG_WARN_BOOL_CONVERSION = YES;
				CLANG_WARN_CONSTANT_CONVERSION = YES;
				CLANG_WARN_DIRECT_OBJC_ISA_USAGE = YES_ERROR;
				CLANG_WARN_EMPTY_BODY = YES;
				CLANG_WARN_ENUM_CONVERSION = YES;
				CLANG_WARN_INT_CONVERSION = YES;
				CLANG_WARN_OBJC_ROOT_CLASS = YES_ERROR;
				CLANG_WARN_UNREACHABLE_CODE = YES;
				CLANG_WARN__DUPLICATE_METHOD_MATCH = YES;
				"CODE_SIGN_IDENTITY[sdk=iphoneos*]" = "iPhone Developer";
				COPY_PHASE_STRIP = NO;
				ENABLE_STRICT_OBJC_MSGSEND = YES;
				GCC_C_LANGUAGE_STANDARD = gnu99;
				GCC_DYNAMIC_NO_PIC = NO;
				GCC_OPTIMIZATION_LEVEL = 0;
				GCC_PREPROCESSOR_DEFINITIONS = (
					"DEBUG=1",
					"$(inherited)",
				);
				GCC_SYMBOLS_PRIVATE_EXTERN = NO;
				GCC_WARN_64_TO_32_BIT_CONVERSION = YES;
				GCC_WARN_ABOUT_RETURN_TYPE = YES_ERROR;
				GCC_WARN_UNDECLARED_SELECTOR = YES;
				GCC_WARN_UNINITIALIZED_AUTOS = YES_AGGRESSIVE;
				GCC_WARN_UNUSED_FUNCTION = YES;
				GCC_WARN_UNUSED_VARIABLE = YES;
				IPHONEOS_DEPLOYMENT_TARGET = 8.2;
				MTL_ENABLE_DEBUG_INFO = YES;
				ONLY_ACTIVE_ARCH = YES;
				SDKROOT = iphoneos;
				TARGETED_DEVICE_FAMILY = "1,2";
			};
			name = Debug;
		};
		B81DCCE01ABA08DF0080E2B1 /* Release */ = {
			isa = XCBuildConfiguration;
			buildSettings = {
				ALWAYS_SEARCH_USER_PATHS = NO;
				CLANG_CXX_LANGUAGE_STANDARD = "gnu++0x";
				CLANG_CXX_LIBRARY = "libc++";
				CLANG_ENABLE_MODULES = YES;
				CLANG_ENABLE_OBJC_ARC = YES;
				CLANG_WARN_BOOL_CONVERSION = YES;
				CLANG_WARN_CONSTANT_CONVERSION = YES;
				CLANG_WARN_DIRECT_OBJC_ISA_USAGE = YES_ERROR;
				CLANG_WARN_EMPTY_BODY = YES;
				CLANG_WARN_ENUM_CONVERSION = YES;
				CLANG_WARN_INT_CONVERSION = YES;
				CLANG_WARN_OBJC_ROOT_CLASS = YES_ERROR;
				CLANG_WARN_UNREACHABLE_CODE = YES;
				CLANG_WARN__DUPLICATE_METHOD_MATCH = YES;
				"CODE_SIGN_IDENTITY[sdk=iphoneos*]" = "iPhone Developer";
				COPY_PHASE_STRIP = NO;
				ENABLE_NS_ASSERTIONS = NO;
				ENABLE_STRICT_OBJC_MSGSEND = YES;
				GCC_C_LANGUAGE_STANDARD = gnu99;
				GCC_WARN_64_TO_32_BIT_CONVERSION = YES;
				GCC_WARN_ABOUT_RETURN_TYPE = YES_ERROR;
				GCC_WARN_UNDECLARED_SELECTOR = YES;
				GCC_WARN_UNINITIALIZED_AUTOS = YES_AGGRESSIVE;
				GCC_WARN_UNUSED_FUNCTION = YES;
				GCC_WARN_UNUSED_VARIABLE = YES;
				IPHONEOS_DEPLOYMENT_TARGET = 8.2;
				MTL_ENABLE_DEBUG_INFO = NO;
				SDKROOT = iphoneos;
				TARGETED_DEVICE_FAMILY = "1,2";
				VALIDATE_PRODUCT = YES;
			};
			name = Release;
		};
		B81DCCE21ABA08DF0080E2B1 /* Debug */ = {
			isa = XCBuildConfiguration;
			buildSettings = {
				ASSETCATALOG_COMPILER_APPICON_NAME = AppIcon;
				FRAMEWORK_SEARCH_PATHS = (
					"$(inherited)",
					"$(PROJECT_DIR)/My",
					Brew,
					Log,
					V1/Frameworks,
				);
				INFOPLIST_FILE = "My Brew Log V1/Info.plist";
				LD_RUNPATH_SEARCH_PATHS = "$(inherited) @executable_path/Frameworks";
				PRODUCT_NAME = "$(TARGET_NAME)";
			};
			name = Debug;
		};
		B81DCCE31ABA08DF0080E2B1 /* Release */ = {
			isa = XCBuildConfiguration;
			buildSettings = {
				ASSETCATALOG_COMPILER_APPICON_NAME = AppIcon;
				FRAMEWORK_SEARCH_PATHS = (
					"$(inherited)",
					"$(PROJECT_DIR)/My",
					Brew,
					Log,
					V1/Frameworks,
				);
				INFOPLIST_FILE = "My Brew Log V1/Info.plist";
				LD_RUNPATH_SEARCH_PATHS = "$(inherited) @executable_path/Frameworks";
				PRODUCT_NAME = "$(TARGET_NAME)";
			};
			name = Release;
		};
		B81DCCE51ABA08DF0080E2B1 /* Debug */ = {
			isa = XCBuildConfiguration;
			buildSettings = {
				BUNDLE_LOADER = "$(TEST_HOST)";
				FRAMEWORK_SEARCH_PATHS = (
					"$(SDKROOT)/Developer/Library/Frameworks",
					"$(inherited)",
				);
				GCC_PREPROCESSOR_DEFINITIONS = (
					"DEBUG=1",
					"$(inherited)",
				);
				INFOPLIST_FILE = "My Brew Log V1Tests/Info.plist";
				LD_RUNPATH_SEARCH_PATHS = "$(inherited) @executable_path/Frameworks @loader_path/Frameworks";
				PRODUCT_NAME = "$(TARGET_NAME)";
				TEST_HOST = "$(BUILT_PRODUCTS_DIR)/My Brew Log V1.app/My Brew Log V1";
			};
			name = Debug;
		};
		B81DCCE61ABA08DF0080E2B1 /* Release */ = {
			isa = XCBuildConfiguration;
			buildSettings = {
				BUNDLE_LOADER = "$(TEST_HOST)";
				FRAMEWORK_SEARCH_PATHS = (
					"$(SDKROOT)/Developer/Library/Frameworks",
					"$(inherited)",
				);
				INFOPLIST_FILE = "My Brew Log V1Tests/Info.plist";
				LD_RUNPATH_SEARCH_PATHS = "$(inherited) @executable_path/Frameworks @loader_path/Frameworks";
				PRODUCT_NAME = "$(TARGET_NAME)";
				TEST_HOST = "$(BUILT_PRODUCTS_DIR)/My Brew Log V1.app/My Brew Log V1";
			};
			name = Release;
		};
/* End XCBuildConfiguration section */

/* Begin XCConfigurationList section */
		B81DCCB61ABA08DE0080E2B1 /* Build configuration list for PBXProject "My Brew Log V1" */ = {
			isa = XCConfigurationList;
			buildConfigurations = (
				B81DCCDF1ABA08DF0080E2B1 /* Debug */,
				B81DCCE01ABA08DF0080E2B1 /* Release */,
			);
			defaultConfigurationIsVisible = 0;
			defaultConfigurationName = Release;
		};
		B81DCCE11ABA08DF0080E2B1 /* Build configuration list for PBXNativeTarget "My Brew Log V1" */ = {
			isa = XCConfigurationList;
			buildConfigurations = (
				B81DCCE21ABA08DF0080E2B1 /* Debug */,
				B81DCCE31ABA08DF0080E2B1 /* Release */,
			);
			defaultConfigurationIsVisible = 0;
		};
		B81DCCE41ABA08DF0080E2B1 /* Build configuration list for PBXNativeTarget "My Brew Log V1Tests" */ = {
			isa = XCConfigurationList;
			buildConfigurations = (
				B81DCCE51ABA08DF0080E2B1 /* Debug */,
				B81DCCE61ABA08DF0080E2B1 /* Release */,
			);
			defaultConfigurationIsVisible = 0;
		};
/* End XCConfigurationList section */
	};
	rootObject = B81DCCB31ABA08DE0080E2B1 /* Project object */;
}
